// !$*UTF8*$!
{
	archiveVersion = 1;
	classes = {
	};
	objectVersion = 63;
	objects = {

/* Begin PBXBuildFile section */
		20301FA57EDE4F6089F3AF3E /* BugReportEditorView.swift in Sources */ = {isa = PBXBuildFile; fileRef = 1FB173FEB2DA4ED285466914 /* BugReportEditorView.swift */; };
		9B17334A253E4872AA0B997A /* BugReportsViewModel.swift in Sources */ = {isa = PBXBuildFile; fileRef = ABC688DE00D4420CB4089CD0 /* BugReportsViewModel.swift */; };
		0D84A1D120864E5D99FC0906 /* BugReport.swift in Sources */ = {isa = PBXBuildFile; fileRef = FB8B1D3D30BB47D4B8876586 /* BugReport.swift */; };
		6192100F86C5481D9ED120A9 /* BugReportEditorView.swift in Sources */ = {isa = PBXBuildFile; fileRef = 1FB173FEB2DA4ED285466914 /* BugReportEditorView.swift */; };
		20C25EA2E27E4FF6B85BB3ED /* BugReportsViewModel.swift in Sources */ = {isa = PBXBuildFile; fileRef = ABC688DE00D4420CB4089CD0 /* BugReportsViewModel.swift */; };
		D92729E5ED3347D8952B9E50 /* BugReport.swift in Sources */ = {isa = PBXBuildFile; fileRef = FB8B1D3D30BB47D4B8876586 /* BugReport.swift */; };
		084B608C2059387BAB27B341 /* Family.swift in Sources */ = {isa = PBXBuildFile; fileRef = EE5C1F5794F7C17CC413EF39 /* Family.swift */; };
		08C7369D0F81E6F0AEE398AE /* FirebaseAuth in Frameworks */ = {isa = PBXBuildFile; productRef = 73832FD5F89D92BEC7C179ED /* FirebaseAuth */; };
		11692FD12F4584CF00C75371 /* FirebaseMessaging in Frameworks */ = {isa = PBXBuildFile; productRef = 11692FD02F4584CF00C75371 /* FirebaseMessaging */; };
		11692FD32F4585F100C75371 /* NotificationPreferences.swift in Sources */ = {isa = PBXBuildFile; fileRef = 11692FD22F4585F100C75371 /* NotificationPreferences.swift */; };
		11692FD52F45860500C75371 /* PushNotificationService.swift in Sources */ = {isa = PBXBuildFile; fileRef = 11692FD42F45860500C75371 /* PushNotificationService.swift */; };
		11692FD72F45861A00C75371 /* AppDelegate.swift in Sources */ = {isa = PBXBuildFile; fileRef = 11692FD62F45861A00C75371 /* AppDelegate.swift */; };
		13E57D2F360D2FD0D60AE5B5 /* Color+Choo.swift in Sources */ = {isa = PBXBuildFile; fileRef = 665C19AE4156398DB6E1A9A9 /* Color+Choo.swift */; };
		17E8615C6900DD6ACF8ED712 /* MainTabView.swift in Sources */ = {isa = PBXBuildFile; fileRef = 001192C619E71C637DFE1367 /* MainTabView.swift */; };
		182EC30ED37D6FD10554B770 /* AccountTabView.swift in Sources */ = {isa = PBXBuildFile; fileRef = 043C8F162E2980E67863D623 /* AccountTabView.swift */; };
		1A2B3C4D5E6F7A8B9C0D1E2F /* SharedUserContext.swift in Sources */ = {isa = PBXBuildFile; fileRef = A1A2A3A4A5A6A7A8A9B0B1B2 /* SharedUserContext.swift */; };
		247EFC4B223AB211481BA1CA /* FamilySetupView.swift in Sources */ = {isa = PBXBuildFile; fileRef = AA145D59EA1B0017FF389D6F /* FamilySetupView.swift */; };
		2B3C4D5E6F7A8B9C0D1E2F3A /* PendingShareManager.swift in Sources */ = {isa = PBXBuildFile; fileRef = B1B2B3B4B5B6B7B8B9C0C1C2 /* PendingShareManager.swift */; };
		3C4D5E6F7A8B9C0D1E2F3A4B /* AddShoppingItemIntent.swift in Sources */ = {isa = PBXBuildFile; fileRef = D1D2D3D4D5D6D7D8D9E0E1E2 /* AddShoppingItemIntent.swift */; };
		3D9C8043E1ED3E072577CAEA /* Note.swift in Sources */ = {isa = PBXBuildFile; fileRef = 12F4BD804C1D091A627301E6 /* Note.swift */; };
		42D047A85959EA31AF2F5A08 /* UserProfile.swift in Sources */ = {isa = PBXBuildFile; fileRef = 5E76E645E1121618BE1729BF /* UserProfile.swift */; };
		4A16E349056CA1518CBF7FAE /* LoginView.swift in Sources */ = {isa = PBXBuildFile; fileRef = 1FB007C6BFC93EF90F09CFF2 /* LoginView.swift */; };
		4D5E6F7A8B9C0D1E2F3A4B5C /* AddEventIntent.swift in Sources */ = {isa = PBXBuildFile; fileRef = E1E2E3E4E5E6E7E8E9F0F1F2 /* AddEventIntent.swift */; };
		50968247AE8ECA625F179979 /* FirebaseFirestore in Frameworks */ = {isa = PBXBuildFile; productRef = 3E27374BF9D7C4E5CCA0FF94 /* FirebaseFirestore */; };
		56DCDBE90F095C4C2321957A /* ChooApp.swift in Sources */ = {isa = PBXBuildFile; fileRef = B90DF107D1C79EB5F8344E00 /* ChooApp.swift */; };
		5948BD525B77304B4031F7FB /* GoogleService-Info.plist in Resources */ = {isa = PBXBuildFile; fileRef = 5A180F4D7B41624CE4F3F8FC /* GoogleService-Info.plist */; };
		5E6F7A8B9C0D1E2F3A4B5C6D /* ChooShortcuts.swift in Sources */ = {isa = PBXBuildFile; fileRef = F1F2F3F4F5F6F7F8F9A0A1A2 /* ChooShortcuts.swift */; };
		645011972BB595A0086E69C8 /* String+Validation.swift in Sources */ = {isa = PBXBuildFile; fileRef = 0810EFAEA0F035B0D6C4777F /* String+Validation.swift */; };
		6AC392470206C411003B8AD5 /* ShoppingTabView.swift in Sources */ = {isa = PBXBuildFile; fileRef = B1D8EAB9283B18AC09A60B3A /* ShoppingTabView.swift */; };
		6F28C02E8672143B8C90505C /* LoadingView.swift in Sources */ = {isa = PBXBuildFile; fileRef = B877E586D3AF4287BA20A89F /* LoadingView.swift */; };
		6F7A8B9C0D1E2F3A4B5C6D7E /* ChooShareExtension.appex in Embed Foundation Extensions */ = {isa = PBXBuildFile; fileRef = E6F7A8B9C0D1E2F3A4B5C6D7 /* ChooShareExtension.appex */; settings = {ATTRIBUTES = (RemoveHeadersOnCopy, ); }; };
		76B92C8DF9D52C41219F1662 /* FamilyEvent.swift in Sources */ = {isa = PBXBuildFile; fileRef = 6286BA6AF6CB781455502EFE /* FamilyEvent.swift */; };
		7A8B9C0D1E2F3A4B5C6D7E8F /* ShareViewController.swift in Sources */ = {isa = PBXBuildFile; fileRef = A2B3C4D5E6F7A8B9C0D1E2F3 /* ShareViewController.swift */; };
		7F6EFB0BCB5D280B860B31E2 /* NotesTabView.swift in Sources */ = {isa = PBXBuildFile; fileRef = 4CE1A5AE3BEFE3AF8642115B /* NotesTabView.swift */; };
		834DEF9398767C49550DF022 /* ShoppingList.swift in Sources */ = {isa = PBXBuildFile; fileRef = 8D007C8A0C198F144744F379 /* ShoppingList.swift */; };
		8B9C0D1E2F3A4B5C6D7E8F9A /* ShareFormView.swift in Sources */ = {isa = PBXBuildFile; fileRef = B3C4D5E6F7A8B9C0D1E2F3A4 /* ShareFormView.swift */; };
		943202800A5C9F59B62E5DF1 /* CalendarTabView.swift in Sources */ = {isa = PBXBuildFile; fileRef = 66354A190B16CD04D2645084 /* CalendarTabView.swift */; };
		9C0D1E2F3A4B5C6D7E8F9A0B /* SharedUserContext.swift in Sources */ = {isa = PBXBuildFile; fileRef = A1A2A3A4A5A6A7A8A9B0B1B2 /* SharedUserContext.swift */; };
		9FA50B12C1FFB64C6D2CF2A7 /* ContentView.swift in Sources */ = {isa = PBXBuildFile; fileRef = D4633E5B8EAC81D83F51316C /* ContentView.swift */; };
		A1B2C3D4E5F60718192A3B4C /* ShoppingViewModel.swift in Sources */ = {isa = PBXBuildFile; fileRef = D1E2F3A4B5C6071829304152 /* ShoppingViewModel.swift */; };
		A1B2C3D4E5F6A7B8C9D0E1A3 /* AddBillIntent.swift in Sources */ = {isa = PBXBuildFile; fileRef = B2C3D4E5F6A7B8C9D0E1F2A3 /* AddBillIntent.swift */; };
		AC0D1E2F3A4B5C6D7E8F9A0B /* PendingShareManager.swift in Sources */ = {isa = PBXBuildFile; fileRef = B1B2B3B4B5B6B7B8B9C0C1C2 /* PendingShareManager.swift */; };
		B2D3E4F5A6C7189302B4C5D6 /* DeviceCalendarService.swift in Sources */ = {isa = PBXBuildFile; fileRef = A1C2D3E4F5B6078291A3B4C5 /* DeviceCalendarService.swift */; };
		B71F3753AF30EB9207C04F18 /* ErrorBannerView.swift in Sources */ = {isa = PBXBuildFile; fileRef = 0C51136155B81ECF1A4075B5 /* ErrorBannerView.swift */; };
		BB01CC02DD03EE04FF05AA06 /* Secrets.swift in Sources */ = {isa = PBXBuildFile; fileRef = AA01BB02CC03DD04EE05FF06 /* Secrets.swift */; };
		BB11CC12DD13EE14FF15AA16 /* ClaudeAPIService.swift in Sources */ = {isa = PBXBuildFile; fileRef = AA11BB12CC13DD14EE15FF16 /* ClaudeAPIService.swift */; };
		HK11AA22BB33CC44DD55EE66 /* HealthKitService.swift in Sources */ = {isa = PBXBuildFile; fileRef = HK01AA02BB03CC04DD05EE06 /* HealthKitService.swift */; };
		BB21CC22DD23EE24FF25AA26 /* WeatherService.swift in Sources */ = {isa = PBXBuildFile; fileRef = AA21BB22CC23DD24EE25FF26 /* WeatherService.swift */; };
		BB31CC32DD33EE34FF35AA36 /* WeeklyBriefing.swift in Sources */ = {isa = PBXBuildFile; fileRef = AA31BB32CC33DD34EE35FF36 /* WeeklyBriefing.swift */; };
		BB41CC42DD43EE44FF45AA46 /* WeeklyBriefingViewModel.swift in Sources */ = {isa = PBXBuildFile; fileRef = AA41BB42CC43DD44EE45FF46 /* WeeklyBriefingViewModel.swift */; };
		BB51CC52DD53EE54FF55AA56 /* WeeklyBriefingCardView.swift in Sources */ = {isa = PBXBuildFile; fileRef = AA51BB52CC53DD54EE55FF56 /* WeeklyBriefingCardView.swift */; };
		BB61CC62DD63EE64FF65AA66 /* BriefingCoverView.swift in Sources */ = {isa = PBXBuildFile; fileRef = AA61BB62CC63DD64EE65FF66 /* BriefingCoverView.swift */; };
		BB71CC72DD73EE74FF75AA76 /* WeekTimelineView.swift in Sources */ = {isa = PBXBuildFile; fileRef = AA71BB72CC73DD74EE75FF76 /* WeekTimelineView.swift */; };
		BB81CC82DD83EE84FF85AA86 /* HighlightsCarouselView.swift in Sources */ = {isa = PBXBuildFile; fileRef = AA81BB82CC83DD84EE85FF86 /* HighlightsCarouselView.swift */; };
		BB91CC92DD93EE94FF95AA96 /* WeatherStripView.swift in Sources */ = {isa = PBXBuildFile; fileRef = AA91BB92CC93DD94EE95FF96 /* WeatherStripView.swift */; };
		BBA1CCA2DDA3EEA4FFA5AAA6 /* BillsChoresGridView.swift in Sources */ = {isa = PBXBuildFile; fileRef = AAA1BBA2CCA3DDA4EEA5FFA6 /* BillsChoresGridView.swift */; };
		BBB1CCB2DDB3EEB4FFB5AAB6 /* DayAgendaView.swift in Sources */ = {isa = PBXBuildFile; fileRef = AAB1BBB2CCB3DDB4EEB5FFB6 /* DayAgendaView.swift */; };
		BBC1CCC2DDC3EEC4FFC5AAC6 /* AlsoThisWeekView.swift in Sources */ = {isa = PBXBuildFile; fileRef = AAC1BBC2CCC3DDC4EEC5FFC6 /* AlsoThisWeekView.swift */; };
		BBD1CCD2DDD3EED4FFD5AAD6 /* NextWeekPreviewView.swift in Sources */ = {isa = PBXBuildFile; fileRef = AAD1BBD2CCD3DDD4EED5FFD6 /* NextWeekPreviewView.swift */; };
		BBE1CCE2DDE3EEE4FFE5AAE6 /* BriefingPagerView.swift in Sources */ = {isa = PBXBuildFile; fileRef = AAE1BBE2CCE3DDE4EEE5FFE6 /* BriefingPagerView.swift */; };
		BC01BB01CC01DD01EE01FF01 /* BriefingCardView.swift in Sources */ = {isa = PBXBuildFile; fileRef = BC01BB01CC01DD01EE01AA01 /* BriefingCardView.swift */; };
		C3D4E5F6A7B80920314253A4 /* CalendarViewModel.swift in Sources */ = {isa = PBXBuildFile; fileRef = F3A4B5C6D7E8092031425364 /* CalendarViewModel.swift */; };
		C5D2A1AFD43DC13ACB94932F /* AuthService.swift in Sources */ = {isa = PBXBuildFile; fileRef = A5B3E6DA15F871616F9194B3 /* AuthService.swift */; };
		C66E3028A5F993A5B6670648 /* ShoppingItem.swift in Sources */ = {isa = PBXBuildFile; fileRef = 2B209CC975714FEF95B77FB1 /* ShoppingItem.swift */; };
		CC02DD03EE04FF05AA06BB07 /* Recipe.swift in Sources */ = {isa = PBXBuildFile; fileRef = AA02BB03CC04DD05EE06FF07 /* Recipe.swift */; };
		CC03DD04EE05FF06AA07BB08 /* MealPlan.swift in Sources */ = {isa = PBXBuildFile; fileRef = AA03BB04CC05DD06EE07FF08 /* MealPlan.swift */; };
		CC04DD05EE06FF07AA08BB09 /* DinnerPlannerViewModel.swift in Sources */ = {isa = PBXBuildFile; fileRef = AA04BB05CC06DD07EE08FF09 /* DinnerPlannerViewModel.swift */; };
		CC05DD06EE07FF08AA09BB0A /* DinnerStripView.swift in Sources */ = {isa = PBXBuildFile; fileRef = AA05BB06CC07DD08EE09FF0A /* DinnerStripView.swift */; };
		CC06DD07EE08FF09AA0ABB0B /* RecipePickerView.swift in Sources */ = {isa = PBXBuildFile; fileRef = AA06BB07CC08DD09EE0AFF0B /* RecipePickerView.swift */; };
		CC07DD08EE09FF0AAA0BBB0C /* RecipeEditView.swift in Sources */ = {isa = PBXBuildFile; fileRef = AA07BB08CC09DD0AEE0BFF0C /* RecipeEditView.swift */; };
		CH01AA01BB01CC01DD01EE01 /* ChoreCategory.swift in Sources */ = {isa = PBXBuildFile; fileRef = CH01AA01BB01CC01DD01FF01 /* ChoreCategory.swift */; };
		CH02AA02BB02CC02DD02EE02 /* ChoresPlan.swift in Sources */ = {isa = PBXBuildFile; fileRef = CH02AA02BB02CC02DD02FF02 /* ChoresPlan.swift */; };
		CH03AA03BB03CC03DD03EE03 /* ChoresBriefing.swift in Sources */ = {isa = PBXBuildFile; fileRef = CH03AA03BB03CC03DD03FF03 /* ChoresBriefing.swift */; };
		CH04AA04BB04CC04DD04EE04 /* HouseViewModel.swift in Sources */ = {isa = PBXBuildFile; fileRef = CH04AA04BB04CC04DD04FF04 /* HouseViewModel.swift */; };
		CH05AA05BB05CC05DD05EE05 /* HouseTabView.swift in Sources */ = {isa = PBXBuildFile; fileRef = CH05AA05BB05CC05DD05FF05 /* HouseTabView.swift */; };
		CH06AA06BB06CC06DD06EE06 /* HouseHeroView.swift in Sources */ = {isa = PBXBuildFile; fileRef = CH06AA06BB06CC06DD06FF06 /* HouseHeroView.swift */; };
		CH07AA07BB07CC07DD07EE07 /* HouseChoreListView.swift in Sources */ = {isa = PBXBuildFile; fileRef = CH07AA07BB07CC07DD07FF07 /* HouseChoreListView.swift */; };
		CH08AA08BB08CC08DD08EE08 /* HouseStatsBar.swift in Sources */ = {isa = PBXBuildFile; fileRef = CH08AA08BB08CC08DD08FF08 /* HouseStatsBar.swift */; };
		CH09AA09BB09CC09DD09EE09 /* HouseCategoriesView.swift in Sources */ = {isa = PBXBuildFile; fileRef = CH09AA09BB09CC09DD09FF09 /* HouseCategoriesView.swift */; };
		CH10AA10BB10CC10DD10EE10 /* HouseChoreActionSheet.swift in Sources */ = {isa = PBXBuildFile; fileRef = CH10AA10BB10CC10DD10FF10 /* HouseChoreActionSheet.swift */; };
		CH11AA11BB11CC11DD11EE11 /* HouseManageSheet.swift in Sources */ = {isa = PBXBuildFile; fileRef = CH11AA11BB11CC11DD11FF11 /* HouseManageSheet.swift */; };
		CH12AA12BB12CC12DD12EE12 /* HouseChoreTypeFormSheet.swift in Sources */ = {isa = PBXBuildFile; fileRef = CH12AA12BB12CC12DD12FF12 /* HouseChoreTypeFormSheet.swift */; };
		CH13AA13BB13CC13DD13EE13 /* ChoreCompletion.swift in Sources */ = {isa = PBXBuildFile; fileRef = CH13AA13BB13CC13DD13FF13 /* ChoreCompletion.swift */; };
		CH14AA14BB14CC14DD14EE14 /* HouseWeekStripView.swift in Sources */ = {isa = PBXBuildFile; fileRef = CH14AA14BB14CC14DD14FF14 /* HouseWeekStripView.swift */; };
		CH15AA15BB15CC15DD15EE15 /* HouseDayPlanSheet.swift in Sources */ = {isa = PBXBuildFile; fileRef = CH15AA15BB15CC15DD15FF15 /* HouseDayPlanSheet.swift */; };
		SP01AA01BB01CC01DD01EE01 /* SupplyItem.swift in Sources */ = {isa = PBXBuildFile; fileRef = SP01AA01BB01CC01DD01FF01 /* SupplyItem.swift */; };
		SP02AA02BB02CC02DD02EE02 /* SuppliesViewModel.swift in Sources */ = {isa = PBXBuildFile; fileRef = SP02AA02BB02CC02DD02FF02 /* SuppliesViewModel.swift */; };
		SP03AA03BB03CC03DD03EE03 /* IngredientReviewSheet.swift in Sources */ = {isa = PBXBuildFile; fileRef = SP03AA03BB03CC03DD03FF03 /* IngredientReviewSheet.swift */; };
		SP04AA04BB04CC04DD04EE04 /* RunDoneSheet.swift in Sources */ = {isa = PBXBuildFile; fileRef = SP04AA04BB04CC04DD04FF04 /* RunDoneSheet.swift */; };
		SP05AA05BB05CC05DD05EE05 /* SupplyEditSheet.swift in Sources */ = {isa = PBXBuildFile; fileRef = SP05AA05BB05CC05DD05FF05 /* SupplyEditSheet.swift */; };
		SP06AA06BB06CC06DD06EE06 /* SuppliesSectionView.swift in Sources */ = {isa = PBXBuildFile; fileRef = SP06AA06BB06CC06DD06FF06 /* SuppliesSectionView.swift */; };
		SP07AA07BB07CC07DD07EE07 /* SupplyAddSheet.swift in Sources */ = {isa = PBXBuildFile; fileRef = SP07AA07BB07CC07DD07FF07 /* SupplyAddSheet.swift */; };
		SP08AA08BB08CC08DD08EE08 /* SupplyItemFormSheet.swift in Sources */ = {isa = PBXBuildFile; fileRef = SP08AA08BB08CC08DD08FF08 /* SupplyItemFormSheet.swift */; };
		SP09AA09BB09CC09DD09EE09 /* SupplyCategoryManageSheet.swift in Sources */ = {isa = PBXBuildFile; fileRef = SP09AA09BB09CC09DD09FF09 /* SupplyCategoryManageSheet.swift */; };
		NR01AA01BB01CC01DD01EE01 /* NavigationRouter.swift in Sources */ = {isa = PBXBuildFile; fileRef = NR01AA01BB01CC01DD01FF01 /* NavigationRouter.swift */; };
		D353641979177AEEFD928218 /* AuthViewModel.swift in Sources */ = {isa = PBXBuildFile; fileRef = 9327671FF1BE49FDA994712F /* AuthViewModel.swift */; };
		D4E5F6A7B8C90A31425364B5 /* NotesViewModel.swift in Sources */ = {isa = PBXBuildFile; fileRef = A4B5C6D7E8F90A3142536475 /* NotesViewModel.swift */; };
		D4F5A6B7C8E93AB524D6E7F8 /* CalendarSourcesView.swift in Sources */ = {isa = PBXBuildFile; fileRef = C3E4F5A6B7D829A413C5D6E7 /* CalendarSourcesView.swift */; };
		D5E6F7A8B9CA0B1C2D3E4F5A /* NSWHolidays.swift in Sources */ = {isa = PBXBuildFile; fileRef = C4D5E6F7A8B90A1B2C3D4E5F /* NSWHolidays.swift */; };
		D9A1B2C3E4F506172839ABCD /* MemberAvatarView.swift in Sources */ = {isa = PBXBuildFile; fileRef = E1B2C3D4F5A617283940BCDE /* MemberAvatarView.swift */; };
		DB01BB01CC01DD01EE01FF01 /* DinnerBriefing.swift in Sources */ = {isa = PBXBuildFile; fileRef = DB01BB01CC01DD01EE01AA01 /* DinnerBriefing.swift */; };
		E0A69EB92008784552707E65 /* FirestoreService.swift in Sources */ = {isa = PBXBuildFile; fileRef = C009B91E9C7F9BB64EE4ECBE /* FirestoreService.swift */; };
		E5F6A7B8C9DA0B42536475C6 /* EventFormView.swift in Sources */ = {isa = PBXBuildFile; fileRef = B5C6D7E8F9AA0B4253647586 /* EventFormView.swift */; };
		E6F7A8B9CADB1D24869708FA /* FamilyMember.swift in Sources */ = {isa = PBXBuildFile; fileRef = F7A8B9CADB2E35970A1B2C3D /* FamilyMember.swift */; };
		E8A7A04F6D54AB6F69708FA3 /* Assets.xcassets in Resources */ = {isa = PBXBuildFile; fileRef = 641A8036E05FE462ABFA13A6 /* Assets.xcassets */; };
		E9F1A2B3C4D5068E7F901B2C /* NotificationService.swift in Sources */ = {isa = PBXBuildFile; fileRef = D7A8E9F1B2C3046D5E8F7A91 /* NotificationService.swift */; };
		EE01FF02AA03BB04CC05DD06 /* ExerciseTabView.swift in Sources */ = {isa = PBXBuildFile; fileRef = EE11FF12AA13BB14CC15DD16 /* ExerciseTabView.swift */; };
		EX01AA01BB01CC01DD01EE01 /* ExerciseCategory.swift in Sources */ = {isa = PBXBuildFile; fileRef = EX01AA01BB01CC01DD01FF01 /* ExerciseCategory.swift */; };
		EX02AA02BB02CC02DD02EE02 /* ExercisePlan.swift in Sources */ = {isa = PBXBuildFile; fileRef = EX02AA02BB02CC02DD02FF02 /* ExercisePlan.swift */; };
		EX03AA03BB03CC03DD03EE03 /* ExerciseBriefing.swift in Sources */ = {isa = PBXBuildFile; fileRef = EX03AA03BB03CC03DD03FF03 /* ExerciseBriefing.swift */; };
		EX04AA04BB04CC04DD04EE04 /* ExerciseViewModel.swift in Sources */ = {isa = PBXBuildFile; fileRef = EX04AA04BB04CC04DD04FF04 /* ExerciseViewModel.swift */; };
		EX05AA05BB05CC05DD05EE05 /* ExerciseBriefingView.swift in Sources */ = {isa = PBXBuildFile; fileRef = EX05AA05BB05CC05DD05FF05 /* ExerciseBriefingView.swift */; };
		EX06AA06BB06CC06DD06EE06 /* ExerciseHeroView.swift in Sources */ = {isa = PBXBuildFile; fileRef = EX06AA06BB06CC06DD06FF06 /* ExerciseHeroView.swift */; };
		EX07AA07BB07CC07DD07EE07 /* ExerciseWeekStripView.swift in Sources */ = {isa = PBXBuildFile; fileRef = EX07AA07BB07CC07DD07FF07 /* ExerciseWeekStripView.swift */; };
		EX08AA08BB08CC08DD08EE08 /* ExerciseStatsBar.swift in Sources */ = {isa = PBXBuildFile; fileRef = EX08AA08BB08CC08DD08FF08 /* ExerciseStatsBar.swift */; };
		EX09AA09BB09CC09DD09EE09 /* ExerciseCategoriesView.swift in Sources */ = {isa = PBXBuildFile; fileRef = EX09AA09BB09CC09DD09FF09 /* ExerciseCategoriesView.swift */; };
		EX10AA10BB10CC10DD10EE10 /* ExerciseAddSheet.swift in Sources */ = {isa = PBXBuildFile; fileRef = EX10AA10BB10CC10DD10FF10 /* ExerciseAddSheet.swift */; };
		EXDP0AA0BB0CC0DD0EE0 /* ExerciseDayPlanSheet.swift in Sources */ = {isa = PBXBuildFile; fileRef = EXDP0AA0BB0CC0DD0FF0 /* ExerciseDayPlanSheet.swift */; };
		EX11AA11BB11CC11DD11EE11 /* ExerciseManageSheet.swift in Sources */ = {isa = PBXBuildFile; fileRef = EX11AA11BB11CC11DD11FF11 /* ExerciseManageSheet.swift */; };
		EX12AA12BB12CC12DD12EE12 /* SessionTypeFormSheet.swift in Sources */ = {isa = PBXBuildFile; fileRef = EX12AA12BB12CC12DD12FF12 /* SessionTypeFormSheet.swift */; };
		F2B3C4D5E6A718293041CDEF /* EventDetailView.swift in Sources */ = {isa = PBXBuildFile; fileRef = A3B4C5D6E7F819203142DEFA /* EventDetailView.swift */; };
		F2E1D0C9B8A7F6E5D4C3B2A1 /* ConfettiView.swift in Sources */ = {isa = PBXBuildFile; fileRef = A1B2C3D4E5F6A7B8C9D0E1F2 /* ConfettiView.swift */; };
		F412CB9E7DFCE7CD26ABC735 /* SignUpView.swift in Sources */ = {isa = PBXBuildFile; fileRef = 460AC73DC67EB151644A7C40 /* SignUpView.swift */; };
		F6A7B8C9DAEB0C53647586D7 /* NoteEditorView.swift in Sources */ = {isa = PBXBuildFile; fileRef = C6D7E8F9AABB0C5364758697 /* NoteEditorView.swift */; };
		HC01BB01CC01DD01EE01FF01 /* HeroCardView.swift in Sources */ = {isa = PBXBuildFile; fileRef = HC01BB01CC01DD01EE01AA01 /* HeroCardView.swift */; };
		TA01BB01CC01DD01EE01FF01 /* TabAccent.swift in Sources */ = {isa = PBXBuildFile; fileRef = TA01BB01CC01DD01EE01AA01 /* TabAccent.swift */; };
		WPM1AA01BB01CC01DD01EE01 /* WeekPlanManager.swift in Sources */ = {isa = PBXBuildFile; fileRef = WPM1AA01BB01CC01DD01FF01 /* WeekPlanManager.swift */; };
		EOB1AA01BB01CC01DD01EE01 /* ExerciseOnboardingView.swift in Sources */ = {isa = PBXBuildFile; fileRef = EOB1AA01BB01CC01DD01FF01 /* ExerciseOnboardingView.swift */; };
/* End PBXBuildFile section */

/* Begin PBXContainerItemProxy section */
		CD9E0F1A2B3C4D5E6F7A8B9C /* PBXContainerItemProxy */ = {
			isa = PBXContainerItemProxy;
			containerPortal = C60D8445BFA74FDB99701AB1 /* Project object */;
			proxyType = 1;
			remoteGlobalIDString = AB7C8D9E0F1A2B3C4D5E6F7A;
			remoteInfo = ChooShareExtension;
		};
/* End PBXContainerItemProxy section */

/* Begin PBXCopyFilesBuildPhase section */
		FA6B7C8D9E0F1A2B3C4D5E6F /* Embed Foundation Extensions */ = {
			isa = PBXCopyFilesBuildPhase;
			buildActionMask = 2147483647;
			dstPath = "";
			dstSubfolderSpec = 13;
			files = (
				6F7A8B9C0D1E2F3A4B5C6D7E /* ChooShareExtension.appex in Embed Foundation Extensions */,
			);
			name = "Embed Foundation Extensions";
			runOnlyForDeploymentPostprocessing = 0;
		};
/* End PBXCopyFilesBuildPhase section */

/* Begin PBXFileReference section */
		1FB173FEB2DA4ED285466914 /* BugReportEditorView.swift */ = {isa = PBXFileReference; lastKnownFileType = sourcecode.swift; path = BugReportEditorView.swift; sourceTree = "<group>"; };
		ABC688DE00D4420CB4089CD0 /* BugReportsViewModel.swift */ = {isa = PBXFileReference; lastKnownFileType = sourcecode.swift; path = BugReportsViewModel.swift; sourceTree = "<group>"; };
		FB8B1D3D30BB47D4B8876586 /* BugReport.swift */ = {isa = PBXFileReference; lastKnownFileType = sourcecode.swift; path = BugReport.swift; sourceTree = "<group>"; };
		001192C619E71C637DFE1367 /* MainTabView.swift */ = {isa = PBXFileReference; lastKnownFileType = sourcecode.swift; path = MainTabView.swift; sourceTree = "<group>"; };
		043C8F162E2980E67863D623 /* AccountTabView.swift */ = {isa = PBXFileReference; lastKnownFileType = sourcecode.swift; path = AccountTabView.swift; sourceTree = "<group>"; };
		0810EFAEA0F035B0D6C4777F /* String+Validation.swift */ = {isa = PBXFileReference; lastKnownFileType = sourcecode.swift; path = "String+Validation.swift"; sourceTree = "<group>"; };
		0C51136155B81ECF1A4075B5 /* ErrorBannerView.swift */ = {isa = PBXFileReference; lastKnownFileType = sourcecode.swift; path = ErrorBannerView.swift; sourceTree = "<group>"; };
		11692FD22F4585F100C75371 /* NotificationPreferences.swift */ = {isa = PBXFileReference; lastKnownFileType = sourcecode.swift; path = NotificationPreferences.swift; sourceTree = "<group>"; };
		11692FD42F45860500C75371 /* PushNotificationService.swift */ = {isa = PBXFileReference; lastKnownFileType = sourcecode.swift; path = PushNotificationService.swift; sourceTree = "<group>"; };
		11692FD62F45861A00C75371 /* AppDelegate.swift */ = {isa = PBXFileReference; lastKnownFileType = sourcecode.swift; path = AppDelegate.swift; sourceTree = "<group>"; };
		12F4BD804C1D091A627301E6 /* Note.swift */ = {isa = PBXFileReference; lastKnownFileType = sourcecode.swift; path = Note.swift; sourceTree = "<group>"; };
		1FB007C6BFC93EF90F09CFF2 /* LoginView.swift */ = {isa = PBXFileReference; lastKnownFileType = sourcecode.swift; path = LoginView.swift; sourceTree = "<group>"; };
		2B209CC975714FEF95B77FB1 /* ShoppingItem.swift */ = {isa = PBXFileReference; lastKnownFileType = sourcecode.swift; path = ShoppingItem.swift; sourceTree = "<group>"; };
		460AC73DC67EB151644A7C40 /* SignUpView.swift */ = {isa = PBXFileReference; lastKnownFileType = sourcecode.swift; path = SignUpView.swift; sourceTree = "<group>"; };
		4CE1A5AE3BEFE3AF8642115B /* NotesTabView.swift */ = {isa = PBXFileReference; lastKnownFileType = sourcecode.swift; path = NotesTabView.swift; sourceTree = "<group>"; };
		584D5A057BD8A0F945FBACF2 /* Info.plist */ = {isa = PBXFileReference; lastKnownFileType = text.plist; path = Info.plist; sourceTree = "<group>"; };
		5A180F4D7B41624CE4F3F8FC /* GoogleService-Info.plist */ = {isa = PBXFileReference; lastKnownFileType = text.plist; path = "GoogleService-Info.plist"; sourceTree = "<group>"; };
		5E76E645E1121618BE1729BF /* UserProfile.swift */ = {isa = PBXFileReference; lastKnownFileType = sourcecode.swift; path = UserProfile.swift; sourceTree = "<group>"; };
		6286BA6AF6CB781455502EFE /* FamilyEvent.swift */ = {isa = PBXFileReference; lastKnownFileType = sourcecode.swift; path = FamilyEvent.swift; sourceTree = "<group>"; };
		641A8036E05FE462ABFA13A6 /* Assets.xcassets */ = {isa = PBXFileReference; lastKnownFileType = folder.assetcatalog; path = Assets.xcassets; sourceTree = "<group>"; };
		66354A190B16CD04D2645084 /* CalendarTabView.swift */ = {isa = PBXFileReference; lastKnownFileType = sourcecode.swift; path = CalendarTabView.swift; sourceTree = "<group>"; };
		665C19AE4156398DB6E1A9A9 /* Color+Choo.swift */ = {isa = PBXFileReference; lastKnownFileType = sourcecode.swift; path = "Color+Choo.swift"; sourceTree = "<group>"; };
		8D007C8A0C198F144744F379 /* ShoppingList.swift */ = {isa = PBXFileReference; lastKnownFileType = sourcecode.swift; path = ShoppingList.swift; sourceTree = "<group>"; };
		9327671FF1BE49FDA994712F /* AuthViewModel.swift */ = {isa = PBXFileReference; lastKnownFileType = sourcecode.swift; path = AuthViewModel.swift; sourceTree = "<group>"; };
		A1A2A3A4A5A6A7A8A9B0B1B2 /* SharedUserContext.swift */ = {isa = PBXFileReference; lastKnownFileType = sourcecode.swift; path = SharedUserContext.swift; sourceTree = "<group>"; };
		NR01AA01BB01CC01DD01FF01 /* NavigationRouter.swift */ = {isa = PBXFileReference; lastKnownFileType = sourcecode.swift; path = NavigationRouter.swift; sourceTree = "<group>"; };
		A1B2C3D4E5F6A7B8C9D0E1F2 /* ConfettiView.swift */ = {isa = PBXFileReference; lastKnownFileType = sourcecode.swift; path = ConfettiView.swift; sourceTree = "<group>"; };
		A1C2D3E4F5B6078291A3B4C5 /* DeviceCalendarService.swift */ = {isa = PBXFileReference; lastKnownFileType = sourcecode.swift; path = DeviceCalendarService.swift; sourceTree = "<group>"; };
		A2B3C4D5E6F7A8B9C0D1E2F3 /* ShareViewController.swift */ = {isa = PBXFileReference; lastKnownFileType = sourcecode.swift; path = ShareViewController.swift; sourceTree = "<group>"; };
		A3B4C5D6E7F819203142DEFA /* EventDetailView.swift */ = {isa = PBXFileReference; lastKnownFileType = sourcecode.swift; path = EventDetailView.swift; sourceTree = "<group>"; };
		A4B5C6D7E8F90A3142536475 /* NotesViewModel.swift */ = {isa = PBXFileReference; lastKnownFileType = sourcecode.swift; path = NotesViewModel.swift; sourceTree = "<group>"; };
		A5B3E6DA15F871616F9194B3 /* AuthService.swift */ = {isa = PBXFileReference; lastKnownFileType = sourcecode.swift; path = AuthService.swift; sourceTree = "<group>"; };
		AA01BB02CC03DD04EE05FF06 /* Secrets.swift */ = {isa = PBXFileReference; lastKnownFileType = sourcecode.swift; path = Secrets.swift; sourceTree = "<group>"; };
		AA02BB03CC04DD05EE06FF07 /* Recipe.swift */ = {isa = PBXFileReference; lastKnownFileType = sourcecode.swift; path = Recipe.swift; sourceTree = "<group>"; };
		AA03BB04CC05DD06EE07FF08 /* MealPlan.swift */ = {isa = PBXFileReference; lastKnownFileType = sourcecode.swift; path = MealPlan.swift; sourceTree = "<group>"; };
		AA04BB05CC06DD07EE08FF09 /* DinnerPlannerViewModel.swift */ = {isa = PBXFileReference; lastKnownFileType = sourcecode.swift; path = DinnerPlannerViewModel.swift; sourceTree = "<group>"; };
		AA05BB06CC07DD08EE09FF0A /* DinnerStripView.swift */ = {isa = PBXFileReference; lastKnownFileType = sourcecode.swift; path = DinnerStripView.swift; sourceTree = "<group>"; };
		AA06BB07CC08DD09EE0AFF0B /* RecipePickerView.swift */ = {isa = PBXFileReference; lastKnownFileType = sourcecode.swift; path = RecipePickerView.swift; sourceTree = "<group>"; };
		AA07BB08CC09DD0AEE0BFF0C /* RecipeEditView.swift */ = {isa = PBXFileReference; lastKnownFileType = sourcecode.swift; path = RecipeEditView.swift; sourceTree = "<group>"; };
		AA11BB12CC13DD14EE15FF16 /* ClaudeAPIService.swift */ = {isa = PBXFileReference; lastKnownFileType = sourcecode.swift; path = ClaudeAPIService.swift; sourceTree = "<group>"; };
		AA145D59EA1B0017FF389D6F /* FamilySetupView.swift */ = {isa = PBXFileReference; lastKnownFileType = sourcecode.swift; path = FamilySetupView.swift; sourceTree = "<group>"; };
		HK01AA02BB03CC04DD05EE06 /* HealthKitService.swift */ = {isa = PBXFileReference; lastKnownFileType = sourcecode.swift; path = HealthKitService.swift; sourceTree = "<group>"; };
		AA21BB22CC23DD24EE25FF26 /* WeatherService.swift */ = {isa = PBXFileReference; lastKnownFileType = sourcecode.swift; path = WeatherService.swift; sourceTree = "<group>"; };
		AA31BB32CC33DD34EE35FF36 /* WeeklyBriefing.swift */ = {isa = PBXFileReference; lastKnownFileType = sourcecode.swift; path = WeeklyBriefing.swift; sourceTree = "<group>"; };
		AA41BB42CC43DD44EE45FF46 /* WeeklyBriefingViewModel.swift */ = {isa = PBXFileReference; lastKnownFileType = sourcecode.swift; path = WeeklyBriefingViewModel.swift; sourceTree = "<group>"; };
		AA51BB52CC53DD54EE55FF56 /* WeeklyBriefingCardView.swift */ = {isa = PBXFileReference; lastKnownFileType = sourcecode.swift; path = WeeklyBriefingCardView.swift; sourceTree = "<group>"; };
		AA61BB62CC63DD64EE65FF66 /* BriefingCoverView.swift */ = {isa = PBXFileReference; lastKnownFileType = sourcecode.swift; path = BriefingCoverView.swift; sourceTree = "<group>"; };
		AA71BB72CC73DD74EE75FF76 /* WeekTimelineView.swift */ = {isa = PBXFileReference; lastKnownFileType = sourcecode.swift; path = WeekTimelineView.swift; sourceTree = "<group>"; };
		AA81BB82CC83DD84EE85FF86 /* HighlightsCarouselView.swift */ = {isa = PBXFileReference; lastKnownFileType = sourcecode.swift; path = HighlightsCarouselView.swift; sourceTree = "<group>"; };
		AA91BB92CC93DD94EE95FF96 /* WeatherStripView.swift */ = {isa = PBXFileReference; lastKnownFileType = sourcecode.swift; path = WeatherStripView.swift; sourceTree = "<group>"; };
		AAA1BBA2CCA3DDA4EEA5FFA6 /* BillsChoresGridView.swift */ = {isa = PBXFileReference; lastKnownFileType = sourcecode.swift; path = BillsChoresGridView.swift; sourceTree = "<group>"; };
		AAB1BBB2CCB3DDB4EEB5FFB6 /* DayAgendaView.swift */ = {isa = PBXFileReference; lastKnownFileType = sourcecode.swift; path = DayAgendaView.swift; sourceTree = "<group>"; };
		AAC1BBC2CCC3DDC4EEC5FFC6 /* AlsoThisWeekView.swift */ = {isa = PBXFileReference; lastKnownFileType = sourcecode.swift; path = AlsoThisWeekView.swift; sourceTree = "<group>"; };
		AAD1BBD2CCD3DDD4EED5FFD6 /* NextWeekPreviewView.swift */ = {isa = PBXFileReference; lastKnownFileType = sourcecode.swift; path = NextWeekPreviewView.swift; sourceTree = "<group>"; };
		AAE1BBE2CCE3DDE4EEE5FFE6 /* BriefingPagerView.swift */ = {isa = PBXFileReference; lastKnownFileType = sourcecode.swift; path = BriefingPagerView.swift; sourceTree = "<group>"; };
		B1B2B3B4B5B6B7B8B9C0C1C2 /* PendingShareManager.swift */ = {isa = PBXFileReference; lastKnownFileType = sourcecode.swift; path = PendingShareManager.swift; sourceTree = "<group>"; };
		B1D8EAB9283B18AC09A60B3A /* ShoppingTabView.swift */ = {isa = PBXFileReference; lastKnownFileType = sourcecode.swift; path = ShoppingTabView.swift; sourceTree = "<group>"; };
		B2C3D4E5F6A7B8C9D0E1F2A3 /* AddBillIntent.swift */ = {isa = PBXFileReference; lastKnownFileType = sourcecode.swift; path = AddBillIntent.swift; sourceTree = "<group>"; };
		B3C4D5E6F7A8B9C0D1E2F3A4 /* ShareFormView.swift */ = {isa = PBXFileReference; lastKnownFileType = sourcecode.swift; path = ShareFormView.swift; sourceTree = "<group>"; };
		B5C6D7E8F9AA0B4253647586 /* EventFormView.swift */ = {isa = PBXFileReference; lastKnownFileType = sourcecode.swift; path = EventFormView.swift; sourceTree = "<group>"; };
		B877E586D3AF4287BA20A89F /* LoadingView.swift */ = {isa = PBXFileReference; lastKnownFileType = sourcecode.swift; path = LoadingView.swift; sourceTree = "<group>"; };
		B90DF107D1C79EB5F8344E00 /* ChooApp.swift */ = {isa = PBXFileReference; lastKnownFileType = sourcecode.swift; path = ChooApp.swift; sourceTree = "<group>"; };
		BC01BB01CC01DD01EE01AA01 /* BriefingCardView.swift */ = {isa = PBXFileReference; lastKnownFileType = sourcecode.swift; path = BriefingCardView.swift; sourceTree = "<group>"; };
		C009B91E9C7F9BB64EE4ECBE /* FirestoreService.swift */ = {isa = PBXFileReference; lastKnownFileType = sourcecode.swift; path = FirestoreService.swift; sourceTree = "<group>"; };
		C1C2C3C4C5C6C7C8C9D0D1D2 /* Choo.entitlements */ = {isa = PBXFileReference; lastKnownFileType = text.plist.entitlements; path = Choo.entitlements; sourceTree = "<group>"; };
		C3E4F5A6B7D829A413C5D6E7 /* CalendarSourcesView.swift */ = {isa = PBXFileReference; lastKnownFileType = sourcecode.swift; path = CalendarSourcesView.swift; sourceTree = "<group>"; };
		C4D5E6F7A8B90A1B2C3D4E5F /* NSWHolidays.swift */ = {isa = PBXFileReference; lastKnownFileType = sourcecode.swift; path = NSWHolidays.swift; sourceTree = "<group>"; };
		C4D5E6F7A8B9C0D1E2F3A4B5 /* Info.plist */ = {isa = PBXFileReference; lastKnownFileType = text.plist; path = Info.plist; sourceTree = "<group>"; };
		C6D7E8F9AABB0C5364758697 /* NoteEditorView.swift */ = {isa = PBXFileReference; lastKnownFileType = sourcecode.swift; path = NoteEditorView.swift; sourceTree = "<group>"; };
		CH01AA01BB01CC01DD01FF01 /* ChoreCategory.swift */ = {isa = PBXFileReference; lastKnownFileType = sourcecode.swift; path = ChoreCategory.swift; sourceTree = "<group>"; };
		CH02AA02BB02CC02DD02FF02 /* ChoresPlan.swift */ = {isa = PBXFileReference; lastKnownFileType = sourcecode.swift; path = ChoresPlan.swift; sourceTree = "<group>"; };
		CH03AA03BB03CC03DD03FF03 /* ChoresBriefing.swift */ = {isa = PBXFileReference; lastKnownFileType = sourcecode.swift; path = ChoresBriefing.swift; sourceTree = "<group>"; };
		CH04AA04BB04CC04DD04FF04 /* HouseViewModel.swift */ = {isa = PBXFileReference; lastKnownFileType = sourcecode.swift; path = HouseViewModel.swift; sourceTree = "<group>"; };
		CH05AA05BB05CC05DD05FF05 /* HouseTabView.swift */ = {isa = PBXFileReference; lastKnownFileType = sourcecode.swift; path = HouseTabView.swift; sourceTree = "<group>"; };
		CH06AA06BB06CC06DD06FF06 /* HouseHeroView.swift */ = {isa = PBXFileReference; lastKnownFileType = sourcecode.swift; path = HouseHeroView.swift; sourceTree = "<group>"; };
		CH07AA07BB07CC07DD07FF07 /* HouseChoreListView.swift */ = {isa = PBXFileReference; lastKnownFileType = sourcecode.swift; path = HouseChoreListView.swift; sourceTree = "<group>"; };
		CH08AA08BB08CC08DD08FF08 /* HouseStatsBar.swift */ = {isa = PBXFileReference; lastKnownFileType = sourcecode.swift; path = HouseStatsBar.swift; sourceTree = "<group>"; };
		CH09AA09BB09CC09DD09FF09 /* HouseCategoriesView.swift */ = {isa = PBXFileReference; lastKnownFileType = sourcecode.swift; path = HouseCategoriesView.swift; sourceTree = "<group>"; };
		CH10AA10BB10CC10DD10FF10 /* HouseChoreActionSheet.swift */ = {isa = PBXFileReference; lastKnownFileType = sourcecode.swift; path = HouseChoreActionSheet.swift; sourceTree = "<group>"; };
		CH11AA11BB11CC11DD11FF11 /* HouseManageSheet.swift */ = {isa = PBXFileReference; lastKnownFileType = sourcecode.swift; path = HouseManageSheet.swift; sourceTree = "<group>"; };
		CH12AA12BB12CC12DD12FF12 /* HouseChoreTypeFormSheet.swift */ = {isa = PBXFileReference; lastKnownFileType = sourcecode.swift; path = HouseChoreTypeFormSheet.swift; sourceTree = "<group>"; };
		CH13AA13BB13CC13DD13FF13 /* ChoreCompletion.swift */ = {isa = PBXFileReference; lastKnownFileType = sourcecode.swift; path = ChoreCompletion.swift; sourceTree = "<group>"; };
		CH14AA14BB14CC14DD14FF14 /* HouseWeekStripView.swift */ = {isa = PBXFileReference; lastKnownFileType = sourcecode.swift; path = HouseWeekStripView.swift; sourceTree = "<group>"; };
		CH15AA15BB15CC15DD15FF15 /* HouseDayPlanSheet.swift */ = {isa = PBXFileReference; lastKnownFileType = sourcecode.swift; path = HouseDayPlanSheet.swift; sourceTree = "<group>"; };
		SP01AA01BB01CC01DD01FF01 /* SupplyItem.swift */ = {isa = PBXFileReference; lastKnownFileType = sourcecode.swift; path = SupplyItem.swift; sourceTree = "<group>"; };
		SP02AA02BB02CC02DD02FF02 /* SuppliesViewModel.swift */ = {isa = PBXFileReference; lastKnownFileType = sourcecode.swift; path = SuppliesViewModel.swift; sourceTree = "<group>"; };
		SP03AA03BB03CC03DD03FF03 /* IngredientReviewSheet.swift */ = {isa = PBXFileReference; lastKnownFileType = sourcecode.swift; path = IngredientReviewSheet.swift; sourceTree = "<group>"; };
		SP04AA04BB04CC04DD04FF04 /* RunDoneSheet.swift */ = {isa = PBXFileReference; lastKnownFileType = sourcecode.swift; path = RunDoneSheet.swift; sourceTree = "<group>"; };
		SP05AA05BB05CC05DD05FF05 /* SupplyEditSheet.swift */ = {isa = PBXFileReference; lastKnownFileType = sourcecode.swift; path = SupplyEditSheet.swift; sourceTree = "<group>"; };
		SP06AA06BB06CC06DD06FF06 /* SuppliesSectionView.swift */ = {isa = PBXFileReference; lastKnownFileType = sourcecode.swift; path = SuppliesSectionView.swift; sourceTree = "<group>"; };
		SP07AA07BB07CC07DD07FF07 /* SupplyAddSheet.swift */ = {isa = PBXFileReference; lastKnownFileType = sourcecode.swift; path = SupplyAddSheet.swift; sourceTree = "<group>"; };
		SP08AA08BB08CC08DD08FF08 /* SupplyItemFormSheet.swift */ = {isa = PBXFileReference; lastKnownFileType = sourcecode.swift; path = SupplyItemFormSheet.swift; sourceTree = "<group>"; };
		SP09AA09BB09CC09DD09FF09 /* SupplyCategoryManageSheet.swift */ = {isa = PBXFileReference; lastKnownFileType = sourcecode.swift; path = SupplyCategoryManageSheet.swift; sourceTree = "<group>"; };
		D1D2D3D4D5D6D7D8D9E0E1E2 /* AddShoppingItemIntent.swift */ = {isa = PBXFileReference; lastKnownFileType = sourcecode.swift; path = AddShoppingItemIntent.swift; sourceTree = "<group>"; };
		D1E2F3A4B5C6071829304152 /* ShoppingViewModel.swift */ = {isa = PBXFileReference; lastKnownFileType = sourcecode.swift; path = ShoppingViewModel.swift; sourceTree = "<group>"; };
		D4633E5B8EAC81D83F51316C /* ContentView.swift */ = {isa = PBXFileReference; lastKnownFileType = sourcecode.swift; path = ContentView.swift; sourceTree = "<group>"; };
		D5E6F7A8B9C0D1E2F3A4B5C6 /* ChooShareExtension.entitlements */ = {isa = PBXFileReference; lastKnownFileType = text.plist.entitlements; path = ChooShareExtension.entitlements; sourceTree = "<group>"; };
		D7A8E9F1B2C3046D5E8F7A91 /* NotificationService.swift */ = {isa = PBXFileReference; lastKnownFileType = sourcecode.swift; path = NotificationService.swift; sourceTree = "<group>"; };
		DB01BB01CC01DD01EE01AA01 /* DinnerBriefing.swift */ = {isa = PBXFileReference; lastKnownFileType = sourcecode.swift; path = DinnerBriefing.swift; sourceTree = "<group>"; };
		E1B2C3D4F5A617283940BCDE /* MemberAvatarView.swift */ = {isa = PBXFileReference; lastKnownFileType = sourcecode.swift; path = MemberAvatarView.swift; sourceTree = "<group>"; };
		E1E2E3E4E5E6E7E8E9F0F1F2 /* AddEventIntent.swift */ = {isa = PBXFileReference; lastKnownFileType = sourcecode.swift; path = AddEventIntent.swift; sourceTree = "<group>"; };
		E6F7A8B9C0D1E2F3A4B5C6D7 /* ChooShareExtension.appex */ = {isa = PBXFileReference; explicitFileType = "wrapper.app-extension"; includeInIndex = 0; path = ChooShareExtension.appex; sourceTree = BUILT_PRODUCTS_DIR; };
		EE11FF12AA13BB14CC15DD16 /* ExerciseTabView.swift */ = {isa = PBXFileReference; lastKnownFileType = sourcecode.swift; path = ExerciseTabView.swift; sourceTree = "<group>"; };
		EE5C1F5794F7C17CC413EF39 /* Family.swift */ = {isa = PBXFileReference; lastKnownFileType = sourcecode.swift; path = Family.swift; sourceTree = "<group>"; };
		EX01AA01BB01CC01DD01FF01 /* ExerciseCategory.swift */ = {isa = PBXFileReference; lastKnownFileType = sourcecode.swift; path = ExerciseCategory.swift; sourceTree = "<group>"; };
		EX02AA02BB02CC02DD02FF02 /* ExercisePlan.swift */ = {isa = PBXFileReference; lastKnownFileType = sourcecode.swift; path = ExercisePlan.swift; sourceTree = "<group>"; };
		EX03AA03BB03CC03DD03FF03 /* ExerciseBriefing.swift */ = {isa = PBXFileReference; lastKnownFileType = sourcecode.swift; path = ExerciseBriefing.swift; sourceTree = "<group>"; };
		EX04AA04BB04CC04DD04FF04 /* ExerciseViewModel.swift */ = {isa = PBXFileReference; lastKnownFileType = sourcecode.swift; path = ExerciseViewModel.swift; sourceTree = "<group>"; };
		EX05AA05BB05CC05DD05FF05 /* ExerciseBriefingView.swift */ = {isa = PBXFileReference; lastKnownFileType = sourcecode.swift; path = ExerciseBriefingView.swift; sourceTree = "<group>"; };
		EX06AA06BB06CC06DD06FF06 /* ExerciseHeroView.swift */ = {isa = PBXFileReference; lastKnownFileType = sourcecode.swift; path = ExerciseHeroView.swift; sourceTree = "<group>"; };
		EX07AA07BB07CC07DD07FF07 /* ExerciseWeekStripView.swift */ = {isa = PBXFileReference; lastKnownFileType = sourcecode.swift; path = ExerciseWeekStripView.swift; sourceTree = "<group>"; };
		EX08AA08BB08CC08DD08FF08 /* ExerciseStatsBar.swift */ = {isa = PBXFileReference; lastKnownFileType = sourcecode.swift; path = ExerciseStatsBar.swift; sourceTree = "<group>"; };
		EX09AA09BB09CC09DD09FF09 /* ExerciseCategoriesView.swift */ = {isa = PBXFileReference; lastKnownFileType = sourcecode.swift; path = ExerciseCategoriesView.swift; sourceTree = "<group>"; };
		EX10AA10BB10CC10DD10FF10 /* ExerciseAddSheet.swift */ = {isa = PBXFileReference; lastKnownFileType = sourcecode.swift; path = ExerciseAddSheet.swift; sourceTree = "<group>"; };
		EXDP0AA0BB0CC0DD0FF0 /* ExerciseDayPlanSheet.swift */ = {isa = PBXFileReference; lastKnownFileType = sourcecode.swift; path = ExerciseDayPlanSheet.swift; sourceTree = "<group>"; };
		EX11AA11BB11CC11DD11FF11 /* ExerciseManageSheet.swift */ = {isa = PBXFileReference; lastKnownFileType = sourcecode.swift; path = ExerciseManageSheet.swift; sourceTree = "<group>"; };
		EX12AA12BB12CC12DD12FF12 /* SessionTypeFormSheet.swift */ = {isa = PBXFileReference; lastKnownFileType = sourcecode.swift; path = SessionTypeFormSheet.swift; sourceTree = "<group>"; };
		F1F2F3F4F5F6F7F8F9A0A1A2 /* ChooShortcuts.swift */ = {isa = PBXFileReference; lastKnownFileType = sourcecode.swift; path = ChooShortcuts.swift; sourceTree = "<group>"; };
		F3A4B5C6D7E8092031425364 /* CalendarViewModel.swift */ = {isa = PBXFileReference; lastKnownFileType = sourcecode.swift; path = CalendarViewModel.swift; sourceTree = "<group>"; };
		F7A8B9CADB2E35970A1B2C3D /* FamilyMember.swift */ = {isa = PBXFileReference; lastKnownFileType = sourcecode.swift; path = FamilyMember.swift; sourceTree = "<group>"; };
		F987C7B40D1ECF03EE3124C6 /* Choo.app */ = {isa = PBXFileReference; explicitFileType = wrapper.application; includeInIndex = 0; path = Choo.app; sourceTree = BUILT_PRODUCTS_DIR; };
		HC01BB01CC01DD01EE01AA01 /* HeroCardView.swift */ = {isa = PBXFileReference; lastKnownFileType = sourcecode.swift; path = HeroCardView.swift; sourceTree = "<group>"; };
		TA01BB01CC01DD01EE01AA01 /* TabAccent.swift */ = {isa = PBXFileReference; lastKnownFileType = sourcecode.swift; path = TabAccent.swift; sourceTree = "<group>"; };
		WPM1AA01BB01CC01DD01FF01 /* WeekPlanManager.swift */ = {isa = PBXFileReference; lastKnownFileType = sourcecode.swift; path = WeekPlanManager.swift; sourceTree = "<group>"; };
		EOB1AA01BB01CC01DD01FF01 /* ExerciseOnboardingView.swift */ = {isa = PBXFileReference; lastKnownFileType = sourcecode.swift; path = ExerciseOnboardingView.swift; sourceTree = "<group>"; };
/* End PBXFileReference section */

/* Begin PBXFrameworksBuildPhase section */
		A397E53BABFCA813E9274466 /* Frameworks */ = {
			isa = PBXFrameworksBuildPhase;
			buildActionMask = 2147483647;
			files = (
				11692FD12F4584CF00C75371 /* FirebaseMessaging in Frameworks */,
				08C7369D0F81E6F0AEE398AE /* FirebaseAuth in Frameworks */,
				50968247AE8ECA625F179979 /* FirebaseFirestore in Frameworks */,
			);
			runOnlyForDeploymentPostprocessing = 0;
		};
		EF5A6B7C8D9E0F1A2B3C4D5E /* Frameworks */ = {
			isa = PBXFrameworksBuildPhase;
			buildActionMask = 2147483647;
			files = (
			);
			runOnlyForDeploymentPostprocessing = 0;
		};
/* End PBXFrameworksBuildPhase section */

/* Begin PBXGroup section */
		0A06086A2245042AC6E04512 /* Shopping */ = {
			isa = PBXGroup;
			children = (
				AA05BB06CC07DD08EE09FF0A /* DinnerStripView.swift */,
				AA07BB08CC09DD0AEE0BFF0C /* RecipeEditView.swift */,
				AA06BB07CC08DD09EE0AFF0B /* RecipePickerView.swift */,
				B1D8EAB9283B18AC09A60B3A /* ShoppingTabView.swift */,
				SP03AA03BB03CC03DD03FF03 /* IngredientReviewSheet.swift */,
				SP04AA04BB04CC04DD04FF04 /* RunDoneSheet.swift */,
				SP05AA05BB05CC05DD05FF05 /* SupplyEditSheet.swift */,
				SP06AA06BB06CC06DD06FF06 /* SuppliesSectionView.swift */,
				SP07AA07BB07CC07DD07FF07 /* SupplyAddSheet.swift */,
				SP09AA09BB09CC09DD09FF09 /* SupplyCategoryManageSheet.swift */,
				SP08AA08BB08CC08DD08FF08 /* SupplyItemFormSheet.swift */,
			);
			path = Shopping;
			sourceTree = "<group>";
		};
		0BB5AE61C29F8400E28FDCCF /* Main */ = {
			isa = PBXGroup;
			children = (
				001192C619E71C637DFE1367 /* MainTabView.swift */,
			);
			path = Main;
			sourceTree = "<group>";
		};
		11692FCF2F4584CF00C75371 /* Frameworks */ = {
			isa = PBXGroup;
			children = (
			);
			name = Frameworks;
			sourceTree = "<group>";
		};
		15490019D3E6856EEDC84157 = {
			isa = PBXGroup;
			children = (
				E862BBEC61D5E054EFCFF4F3 /* Choo */,
				BC2D3E4F5A6B7C8D9E0F1A2B /* ChooShareExtension */,
				3D2EC86304C226065E00AFB6 /* Products */,
				11692FCF2F4584CF00C75371 /* Frameworks */,
			);
			sourceTree = "<group>";
		};
		185E8F745FED8B46244BA8CF /* ViewModels */ = {
			isa = PBXGroup;
			children = (
				9327671FF1BE49FDA994712F /* AuthViewModel.swift */,
				F3A4B5C6D7E8092031425364 /* CalendarViewModel.swift */,
				CH04AA04BB04CC04DD04FF04 /* HouseViewModel.swift */,
				AA04BB05CC06DD07EE08FF09 /* DinnerPlannerViewModel.swift */,
				EX04AA04BB04CC04DD04FF04 /* ExerciseViewModel.swift */,
				A4B5C6D7E8F90A3142536475 /* NotesViewModel.swift */,
				ABC688DE00D4420CB4089CD0 /* BugReportsViewModel.swift */,
				D1E2F3A4B5C6071829304152 /* ShoppingViewModel.swift */,
				SP02AA02BB02CC02DD02FF02 /* SuppliesViewModel.swift */,
				AA41BB42CC43DD44EE45FF46 /* WeeklyBriefingViewModel.swift */,
			);
			path = ViewModels;
			sourceTree = "<group>";
		};
		3D2EC86304C226065E00AFB6 /* Products */ = {
			isa = PBXGroup;
			children = (
				F987C7B40D1ECF03EE3124C6 /* Choo.app */,
				E6F7A8B9C0D1E2F3A4B5C6D7 /* ChooShareExtension.appex */,
			);
			name = Products;
			sourceTree = "<group>";
		};
		44F48C33483D2DC930D8C5B3 /* Calendar */ = {
			isa = PBXGroup;
			children = (
				DD11EE12FF13AA14BB15CC16 /* Briefing */,
				C3E4F5A6B7D829A413C5D6E7 /* CalendarSourcesView.swift */,
				66354A190B16CD04D2645084 /* CalendarTabView.swift */,
				A3B4C5D6E7F819203142DEFA /* EventDetailView.swift */,
				B5C6D7E8F9AA0B4253647586 /* EventFormView.swift */,
			);
			path = Calendar;
			sourceTree = "<group>";
		};
		46416607ACE096F691C2FBF2 /* Auth */ = {
			isa = PBXGroup;
			children = (
				AA145D59EA1B0017FF389D6F /* FamilySetupView.swift */,
				1FB007C6BFC93EF90F09CFF2 /* LoginView.swift */,
				460AC73DC67EB151644A7C40 /* SignUpView.swift */,
			);
			path = Auth;
			sourceTree = "<group>";
		};
		5A20666CAE31576BDC896B59 /* Views */ = {
			isa = PBXGroup;
			children = (
				99CDEBDAE43B9C78BDD8B76C /* Account */,
				46416607ACE096F691C2FBF2 /* Auth */,
				44F48C33483D2DC930D8C5B3 /* Calendar */,
				CH21FF22AA23BB24CC25DD26 /* Chores */,
				EE21FF22AA23BB24CC25DD26 /* Exercise */,
				0BB5AE61C29F8400E28FDCCF /* Main */,
				AF0C70BED3863CF96FB75837 /* Notes */,
				F3BCE94047BA3ED52BE3FCBD /* Shared */,
				0A06086A2245042AC6E04512 /* Shopping */,
			);
			path = Views;
			sourceTree = "<group>";
		};
		67005C32069BA2C56DFBA199 /* Resources */ = {
			isa = PBXGroup;
			children = (
				641A8036E05FE462ABFA13A6 /* Assets.xcassets */,
				5A180F4D7B41624CE4F3F8FC /* GoogleService-Info.plist */,
			);
			path = Resources;
			sourceTree = "<group>";
		};
		99CDEBDAE43B9C78BDD8B76C /* Account */ = {
			isa = PBXGroup;
			children = (
				043C8F162E2980E67863D623 /* AccountTabView.swift */,
			);
			path = Account;
			sourceTree = "<group>";
		};
		A8732BF23BE8EB8B2AEA8BA7 /* Models */ = {
			isa = PBXGroup;
			children = (
				CH03AA03BB03CC03DD03FF03 /* ChoresBriefing.swift */,
				CH01AA01BB01CC01DD01FF01 /* ChoreCategory.swift */,
				CH13AA13BB13CC13DD13FF13 /* ChoreCompletion.swift */,
				CH02AA02BB02CC02DD02FF02 /* ChoresPlan.swift */,
				DB01BB01CC01DD01EE01AA01 /* DinnerBriefing.swift */,
				EX03AA03BB03CC03DD03FF03 /* ExerciseBriefing.swift */,
				EX01AA01BB01CC01DD01FF01 /* ExerciseCategory.swift */,
				EX02AA02BB02CC02DD02FF02 /* ExercisePlan.swift */,
				11692FD22F4585F100C75371 /* NotificationPreferences.swift */,
				EE5C1F5794F7C17CC413EF39 /* Family.swift */,
				6286BA6AF6CB781455502EFE /* FamilyEvent.swift */,
				F7A8B9CADB2E35970A1B2C3D /* FamilyMember.swift */,
				AA03BB04CC05DD06EE07FF08 /* MealPlan.swift */,
				12F4BD804C1D091A627301E6 /* Note.swift */,
				FB8B1D3D30BB47D4B8876586 /* BugReport.swift */,
				C4D5E6F7A8B90A1B2C3D4E5F /* NSWHolidays.swift */,
				AA02BB03CC04DD05EE06FF07 /* Recipe.swift */,
				2B209CC975714FEF95B77FB1 /* ShoppingItem.swift */,
				8D007C8A0C198F144744F379 /* ShoppingList.swift */,
				SP01AA01BB01CC01DD01FF01 /* SupplyItem.swift */,
				TA01BB01CC01DD01EE01AA01 /* TabAccent.swift */,
				5E76E645E1121618BE1729BF /* UserProfile.swift */,
				AA31BB32CC33DD34EE35FF36 /* WeeklyBriefing.swift */,
			);
			path = Models;
			sourceTree = "<group>";
		};
		AB1C2D3E4F5A6B7C8D9E0F1A /* AppIntents */ = {
			isa = PBXGroup;
			children = (
				B2C3D4E5F6A7B8C9D0E1F2A3 /* AddBillIntent.swift */,
				E1E2E3E4E5E6E7E8E9F0F1F2 /* AddEventIntent.swift */,
				D1D2D3D4D5D6D7D8D9E0E1E2 /* AddShoppingItemIntent.swift */,
				F1F2F3F4F5F6F7F8F9A0A1A2 /* ChooShortcuts.swift */,
			);
			path = AppIntents;
			sourceTree = "<group>";
		};
		AF0C70BED3863CF96FB75837 /* Notes */ = {
			isa = PBXGroup;
			children = (
				C6D7E8F9AABB0C5364758697 /* NoteEditorView.swift */,
				1FB173FEB2DA4ED285466914 /* BugReportEditorView.swift */,
				4CE1A5AE3BEFE3AF8642115B /* NotesTabView.swift */,
			);
			path = Notes;
			sourceTree = "<group>";
		};
		BC2D3E4F5A6B7C8D9E0F1A2B /* ChooShareExtension */ = {
			isa = PBXGroup;
			children = (
				D5E6F7A8B9C0D1E2F3A4B5C6 /* ChooShareExtension.entitlements */,
				C4D5E6F7A8B9C0D1E2F3A4B5 /* Info.plist */,
				B3C4D5E6F7A8B9C0D1E2F3A4 /* ShareFormView.swift */,
				A2B3C4D5E6F7A8B9C0D1E2F3 /* ShareViewController.swift */,
			);
			path = ChooShareExtension;
			sourceTree = "<group>";
		};
		C64C7F395086FE6293C19BDA /* Extensions */ = {
			isa = PBXGroup;
			children = (
				665C19AE4156398DB6E1A9A9 /* Color+Choo.swift */,
				0810EFAEA0F035B0D6C4777F /* String+Validation.swift */,
			);
			path = Extensions;
			sourceTree = "<group>";
		};
		C7E5957B8AA73DEC13421495 /* Services */ = {
			isa = PBXGroup;
			children = (
				11692FD42F45860500C75371 /* PushNotificationService.swift */,
				A5B3E6DA15F871616F9194B3 /* AuthService.swift */,
				AA11BB12CC13DD14EE15FF16 /* ClaudeAPIService.swift */,
				A1C2D3E4F5B6078291A3B4C5 /* DeviceCalendarService.swift */,
				C009B91E9C7F9BB64EE4ECBE /* FirestoreService.swift */,
				HK01AA02BB03CC04DD05EE06 /* HealthKitService.swift */,
				D7A8E9F1B2C3046D5E8F7A91 /* NotificationService.swift */,
				B1B2B3B4B5B6B7B8B9C0C1C2 /* PendingShareManager.swift */,
				A1A2A3A4A5A6A7A8A9B0B1B2 /* SharedUserContext.swift */,
				NR01AA01BB01CC01DD01FF01 /* NavigationRouter.swift */,
				AA21BB22CC23DD24EE25FF26 /* WeatherService.swift */,
				WPM1AA01BB01CC01DD01FF01 /* WeekPlanManager.swift */,
			);
			path = Services;
			sourceTree = "<group>";
		};
		CH21FF22AA23BB24CC25DD26 /* House */ = {
			isa = PBXGroup;
			children = (
				CH09AA09BB09CC09DD09FF09 /* HouseCategoriesView.swift */,
				CH10AA10BB10CC10DD10FF10 /* HouseChoreActionSheet.swift */,
				CH07AA07BB07CC07DD07FF07 /* HouseChoreListView.swift */,
				CH12AA12BB12CC12DD12FF12 /* HouseChoreTypeFormSheet.swift */,
				CH15AA15BB15CC15DD15FF15 /* HouseDayPlanSheet.swift */,
				CH06AA06BB06CC06DD06FF06 /* HouseHeroView.swift */,
				CH11AA11BB11CC11DD11FF11 /* HouseManageSheet.swift */,
				CH08AA08BB08CC08DD08FF08 /* HouseStatsBar.swift */,
				CH05AA05BB05CC05DD05FF05 /* HouseTabView.swift */,
				CH14AA14BB14CC14DD14FF14 /* HouseWeekStripView.swift */,
			);
			path = House;
			sourceTree = "<group>";
		};
		DD01EE02FF03AA04BB05CC06 /* Config */ = {
			isa = PBXGroup;
			children = (
				AA01BB02CC03DD04EE05FF06 /* Secrets.swift */,
			);
			path = Config;
			sourceTree = "<group>";
		};
		DD11EE12FF13AA14BB15CC16 /* Briefing */ = {
			isa = PBXGroup;
			children = (
				AA61BB62CC63DD64EE65FF66 /* BriefingCoverView.swift */,
				AA51BB52CC53DD54EE55FF56 /* WeeklyBriefingCardView.swift */,
				AA71BB72CC73DD74EE75FF76 /* WeekTimelineView.swift */,
				AA81BB82CC83DD84EE85FF86 /* HighlightsCarouselView.swift */,
				AA91BB92CC93DD94EE95FF96 /* WeatherStripView.swift */,
				AAA1BBA2CCA3DDA4EEA5FFA6 /* BillsChoresGridView.swift */,
				AAB1BBB2CCB3DDB4EEB5FFB6 /* DayAgendaView.swift */,
				AAC1BBC2CCC3DDC4EEC5FFC6 /* AlsoThisWeekView.swift */,
				AAD1BBD2CCD3DDD4EED5FFD6 /* NextWeekPreviewView.swift */,
				AAE1BBE2CCE3DDE4EEE5FFE6 /* BriefingPagerView.swift */,
			);
			path = Briefing;
			sourceTree = "<group>";
		};
		E862BBEC61D5E054EFCFF4F3 /* Choo */ = {
			isa = PBXGroup;
			children = (
				584D5A057BD8A0F945FBACF2 /* Info.plist */,
				C1C2C3C4C5C6C7C8C9D0D1D2 /* Choo.entitlements */,
				EFBFF13979BA03A8665628A4 /* App */,
				AB1C2D3E4F5A6B7C8D9E0F1A /* AppIntents */,
				DD01EE02FF03AA04BB05CC06 /* Config */,
				C64C7F395086FE6293C19BDA /* Extensions */,
				A8732BF23BE8EB8B2AEA8BA7 /* Models */,
				67005C32069BA2C56DFBA199 /* Resources */,
				C7E5957B8AA73DEC13421495 /* Services */,
				185E8F745FED8B46244BA8CF /* ViewModels */,
				5A20666CAE31576BDC896B59 /* Views */,
			);
			path = Choo;
			sourceTree = "<group>";
		};
		EE21FF22AA23BB24CC25DD26 /* Exercise */ = {
			isa = PBXGroup;
			children = (
				EX10AA10BB10CC10DD10FF10 /* ExerciseAddSheet.swift */,
				EXDP0AA0BB0CC0DD0FF0 /* ExerciseDayPlanSheet.swift */,
				EX05AA05BB05CC05DD05FF05 /* ExerciseBriefingView.swift */,
				EX09AA09BB09CC09DD09FF09 /* ExerciseCategoriesView.swift */,
				EX06AA06BB06CC06DD06FF06 /* ExerciseHeroView.swift */,
				EX11AA11BB11CC11DD11FF11 /* ExerciseManageSheet.swift */,
				EX12AA12BB12CC12DD12FF12 /* SessionTypeFormSheet.swift */,
				EX08AA08BB08CC08DD08FF08 /* ExerciseStatsBar.swift */,
				EOB1AA01BB01CC01DD01FF01 /* ExerciseOnboardingView.swift */,
				EE11FF12AA13BB14CC15DD16 /* ExerciseTabView.swift */,
				EX07AA07BB07CC07DD07FF07 /* ExerciseWeekStripView.swift */,
			);
			path = Exercise;
			sourceTree = "<group>";
		};
		EFBFF13979BA03A8665628A4 /* App */ = {
			isa = PBXGroup;
			children = (
				11692FD62F45861A00C75371 /* AppDelegate.swift */,
				D4633E5B8EAC81D83F51316C /* ContentView.swift */,
				B90DF107D1C79EB5F8344E00 /* ChooApp.swift */,
			);
			path = App;
			sourceTree = "<group>";
		};
		F3BCE94047BA3ED52BE3FCBD /* Shared */ = {
			isa = PBXGroup;
			children = (
				BC01BB01CC01DD01EE01AA01 /* BriefingCardView.swift */,
				A1B2C3D4E5F6A7B8C9D0E1F2 /* ConfettiView.swift */,
				0C51136155B81ECF1A4075B5 /* ErrorBannerView.swift */,
				HC01BB01CC01DD01EE01AA01 /* HeroCardView.swift */,
				B877E586D3AF4287BA20A89F /* LoadingView.swift */,
				E1B2C3D4F5A617283940BCDE /* MemberAvatarView.swift */,
			);
			path = Shared;
			sourceTree = "<group>";
		};
/* End PBXGroup section */

/* Begin PBXNativeTarget section */
		5F5842FF2C66C14C14FB5E9E /* Choo */ = {
			isa = PBXNativeTarget;
			buildConfigurationList = 61B2FCDC346547A519D05E0D /* Build configuration list for PBXNativeTarget "Choo" */;
			buildPhases = (
				FB0A418F05C3CEFC92D1666D /* Sources */,
				E67910D545BFB09E9A1159B9 /* Resources */,
				A397E53BABFCA813E9274466 /* Frameworks */,
				FA6B7C8D9E0F1A2B3C4D5E6F /* Embed Foundation Extensions */,
			);
			buildRules = (
			);
			dependencies = (
				BC8D9E0F1A2B3C4D5E6F7A8B /* PBXTargetDependency */,
			);
			name = Choo;
			packageProductDependencies = (
				73832FD5F89D92BEC7C179ED /* FirebaseAuth */,
				3E27374BF9D7C4E5CCA0FF94 /* FirebaseFirestore */,
				11692FD02F4584CF00C75371 /* FirebaseMessaging */,
			);
			productName = Choo;
			productReference = F987C7B40D1ECF03EE3124C6 /* Choo.app */;
			productType = "com.apple.product-type.application";
		};
		AB7C8D9E0F1A2B3C4D5E6F7A /* ChooShareExtension */ = {
			isa = PBXNativeTarget;
			buildConfigurationList = FA2B3C4D5E6F7A8B9CDEEFFA /* Build configuration list for PBXNativeTarget "ChooShareExtension" */;
			buildPhases = (
				CD3E4F5A6B7C8D9E0F1A2B3C /* Sources */,
				DE4F5A6B7C8D9E0F1A2B3C4D /* Resources */,
				EF5A6B7C8D9E0F1A2B3C4D5E /* Frameworks */,
			);
			buildRules = (
			);
			dependencies = (
			);
			name = ChooShareExtension;
			productName = ChooShareExtension;
			productReference = E6F7A8B9C0D1E2F3A4B5C6D7 /* ChooShareExtension.appex */;
			productType = "com.apple.product-type.app-extension";
		};
/* End PBXNativeTarget section */

/* Begin PBXProject section */
		C60D8445BFA74FDB99701AB1 /* Project object */ = {
			isa = PBXProject;
			attributes = {
				BuildIndependentTargetsInParallel = YES;
				LastUpgradeCheck = 2620;
			};
			buildConfigurationList = E95F534B09AEC257FF30080E /* Build configuration list for PBXProject "Choo" */;
			compatibilityVersion = "Xcode 14.0";
			developmentRegion = en;
			hasScannedForEncodings = 0;
			knownRegions = (
				Base,
				en,
			);
			mainGroup = 15490019D3E6856EEDC84157;
			minimizedProjectReferenceProxies = 1;
			packageReferences = (
				22CC12B5977AAD84131F212B /* XCRemoteSwiftPackageReference "firebase-ios-sdk" */,
			);
			projectDirPath = "";
			projectRoot = "";
			targets = (
				5F5842FF2C66C14C14FB5E9E /* Choo */,
				AB7C8D9E0F1A2B3C4D5E6F7A /* ChooShareExtension */,
			);
		};
/* End PBXProject section */

/* Begin PBXResourcesBuildPhase section */
		DE4F5A6B7C8D9E0F1A2B3C4D /* Resources */ = {
			isa = PBXResourcesBuildPhase;
			buildActionMask = 2147483647;
			files = (
			);
			runOnlyForDeploymentPostprocessing = 0;
		};
		E67910D545BFB09E9A1159B9 /* Resources */ = {
			isa = PBXResourcesBuildPhase;
			buildActionMask = 2147483647;
			files = (
				E8A7A04F6D54AB6F69708FA3 /* Assets.xcassets in Resources */,
				5948BD525B77304B4031F7FB /* GoogleService-Info.plist in Resources */,
			);
			runOnlyForDeploymentPostprocessing = 0;
		};
/* End PBXResourcesBuildPhase section */

/* Begin PBXSourcesBuildPhase section */
		CD3E4F5A6B7C8D9E0F1A2B3C /* Sources */ = {
			isa = PBXSourcesBuildPhase;
			buildActionMask = 2147483647;
			files = (
				AC0D1E2F3A4B5C6D7E8F9A0B /* PendingShareManager.swift in Sources */,
				8B9C0D1E2F3A4B5C6D7E8F9A /* ShareFormView.swift in Sources */,
				9C0D1E2F3A4B5C6D7E8F9A0B /* SharedUserContext.swift in Sources */,
				7A8B9C0D1E2F3A4B5C6D7E8F /* ShareViewController.swift in Sources */,
			);
			runOnlyForDeploymentPostprocessing = 0;
		};
		FB0A418F05C3CEFC92D1666D /* Sources */ = {
			isa = PBXSourcesBuildPhase;
			buildActionMask = 2147483647;
			files = (
				182EC30ED37D6FD10554B770 /* AccountTabView.swift in Sources */,
				6192100F86C5481D9ED120A9 /* BugReportEditorView.swift in Sources */,
				20C25EA2E27E4FF6B85BB3ED /* BugReportsViewModel.swift in Sources */,
				D92729E5ED3347D8952B9E50 /* BugReport.swift in Sources */,
				A1B2C3D4E5F6A7B8C9D0E1A3 /* AddBillIntent.swift in Sources */,
				4D5E6F7A8B9C0D1E2F3A4B5C /* AddEventIntent.swift in Sources */,
				3C4D5E6F7A8B9C0D1E2F3A4B /* AddShoppingItemIntent.swift in Sources */,
				C5D2A1AFD43DC13ACB94932F /* AuthService.swift in Sources */,
				D353641979177AEEFD928218 /* AuthViewModel.swift in Sources */,
				D4F5A6B7C8E93AB524D6E7F8 /* CalendarSourcesView.swift in Sources */,
				943202800A5C9F59B62E5DF1 /* CalendarTabView.swift in Sources */,
				5E6F7A8B9C0D1E2F3A4B5C6D /* ChooShortcuts.swift in Sources */,
				13E57D2F360D2FD0D60AE5B5 /* Color+Choo.swift in Sources */,
				F2E1D0C9B8A7F6E5D4C3B2A1 /* ConfettiView.swift in Sources */,
				9FA50B12C1FFB64C6D2CF2A7 /* ContentView.swift in Sources */,
				B2D3E4F5A6C7189302B4C5D6 /* DeviceCalendarService.swift in Sources */,
				WPM1AA01BB01CC01DD01EE01 /* WeekPlanManager.swift in Sources */,
				EOB1AA01BB01CC01DD01EE01 /* ExerciseOnboardingView.swift in Sources */,
				EE01FF02AA03BB04CC05DD06 /* ExerciseTabView.swift in Sources */,
				EX10AA10BB10CC10DD10EE10 /* ExerciseAddSheet.swift in Sources */,
				EXDP0AA0BB0CC0DD0EE0 /* ExerciseDayPlanSheet.swift in Sources */,
				EX05AA05BB05CC05DD05EE05 /* ExerciseBriefingView.swift in Sources */,
				EX01AA01BB01CC01DD01EE01 /* ExerciseCategory.swift in Sources */,
				EX09AA09BB09CC09DD09EE09 /* ExerciseCategoriesView.swift in Sources */,
				EX06AA06BB06CC06DD06EE06 /* ExerciseHeroView.swift in Sources */,
				EX11AA11BB11CC11DD11EE11 /* ExerciseManageSheet.swift in Sources */,
				EX12AA12BB12CC12DD12EE12 /* SessionTypeFormSheet.swift in Sources */,
				EX02AA02BB02CC02DD02EE02 /* ExercisePlan.swift in Sources */,
				EX08AA08BB08CC08DD08EE08 /* ExerciseStatsBar.swift in Sources */,
				EX07AA07BB07CC07DD07EE07 /* ExerciseWeekStripView.swift in Sources */,
				EX04AA04BB04CC04DD04EE04 /* ExerciseViewModel.swift in Sources */,
				EX03AA03BB03CC03DD03EE03 /* ExerciseBriefing.swift in Sources */,
				B71F3753AF30EB9207C04F18 /* ErrorBannerView.swift in Sources */,
				084B608C2059387BAB27B341 /* Family.swift in Sources */,
				76B92C8DF9D52C41219F1662 /* FamilyEvent.swift in Sources */,
				247EFC4B223AB211481BA1CA /* FamilySetupView.swift in Sources */,
				E6F7A8B9CADB1D24869708FA /* FamilyMember.swift in Sources */,
				E0A69EB92008784552707E65 /* FirestoreService.swift in Sources */,
				11692FD32F4585F100C75371 /* NotificationPreferences.swift in Sources */,
				6F28C02E8672143B8C90505C /* LoadingView.swift in Sources */,
				4A16E349056CA1518CBF7FAE /* LoginView.swift in Sources */,
				17E8615C6900DD6ACF8ED712 /* MainTabView.swift in Sources */,
				D9A1B2C3E4F506172839ABCD /* MemberAvatarView.swift in Sources */,
				11692FD52F45860500C75371 /* PushNotificationService.swift in Sources */,
				CC03DD04EE05FF06AA07BB08 /* MealPlan.swift in Sources */,
				3D9C8043E1ED3E072577CAEA /* Note.swift in Sources */,
				F6A7B8C9DAEB0C53647586D7 /* NoteEditorView.swift in Sources */,
				7F6EFB0BCB5D280B860B31E2 /* NotesTabView.swift in Sources */,
				D4E5F6A7B8C90A31425364B5 /* NotesViewModel.swift in Sources */,
				E9F1A2B3C4D5068E7F901B2C /* NotificationService.swift in Sources */,
				D5E6F7A8B9CA0B1C2D3E4F5A /* NSWHolidays.swift in Sources */,
				2B3C4D5E6F7A8B9C0D1E2F3A /* PendingShareManager.swift in Sources */,
				CC02DD03EE04FF05AA06BB07 /* Recipe.swift in Sources */,
				CC07DD08EE09FF0AAA0BBB0C /* RecipeEditView.swift in Sources */,
				CC06DD07EE08FF09AA0ABB0B /* RecipePickerView.swift in Sources */,
				1A2B3C4D5E6F7A8B9C0D1E2F /* SharedUserContext.swift in Sources */,
				NR01AA01BB01CC01DD01EE01 /* NavigationRouter.swift in Sources */,
				C66E3028A5F993A5B6670648 /* ShoppingItem.swift in Sources */,
				834DEF9398767C49550DF022 /* ShoppingList.swift in Sources */,
				6AC392470206C411003B8AD5 /* ShoppingTabView.swift in Sources */,
				11692FD72F45861A00C75371 /* AppDelegate.swift in Sources */,
				A1B2C3D4E5F60718192A3B4C /* ShoppingViewModel.swift in Sources */,
				F412CB9E7DFCE7CD26ABC735 /* SignUpView.swift in Sources */,
				645011972BB595A0086E69C8 /* String+Validation.swift in Sources */,
				42D047A85959EA31AF2F5A08 /* UserProfile.swift in Sources */,
				56DCDBE90F095C4C2321957A /* ChooApp.swift in Sources */,
				C3D4E5F6A7B80920314253A4 /* CalendarViewModel.swift in Sources */,
				CC04DD05EE06FF07AA08BB09 /* DinnerPlannerViewModel.swift in Sources */,
				CC05DD06EE07FF08AA09BB0A /* DinnerStripView.swift in Sources */,
				E5F6A7B8C9DA0B42536475C6 /* EventFormView.swift in Sources */,
				F2B3C4D5E6A718293041CDEF /* EventDetailView.swift in Sources */,
				BB01CC02DD03EE04FF05AA06 /* Secrets.swift in Sources */,
				BB11CC12DD13EE14FF15AA16 /* ClaudeAPIService.swift in Sources */,
				HK11AA22BB33CC44DD55EE66 /* HealthKitService.swift in Sources */,
				BB21CC22DD23EE24FF25AA26 /* WeatherService.swift in Sources */,
				BB31CC32DD33EE34FF35AA36 /* WeeklyBriefing.swift in Sources */,
				BB41CC42DD43EE44FF45AA46 /* WeeklyBriefingViewModel.swift in Sources */,
				BB51CC52DD53EE54FF55AA56 /* WeeklyBriefingCardView.swift in Sources */,
				BB61CC62DD63EE64FF65AA66 /* BriefingCoverView.swift in Sources */,
				BB71CC72DD73EE74FF75AA76 /* WeekTimelineView.swift in Sources */,
				BB81CC82DD83EE84FF85AA86 /* HighlightsCarouselView.swift in Sources */,
				BB91CC92DD93EE94FF95AA96 /* WeatherStripView.swift in Sources */,
				BBA1CCA2DDA3EEA4FFA5AAA6 /* BillsChoresGridView.swift in Sources */,
				BBB1CCB2DDB3EEB4FFB5AAB6 /* DayAgendaView.swift in Sources */,
				BBC1CCC2DDC3EEC4FFC5AAC6 /* AlsoThisWeekView.swift in Sources */,
				BBD1CCD2DDD3EED4FFD5AAD6 /* NextWeekPreviewView.swift in Sources */,
				BBE1CCE2DDE3EEE4FFE5AAE6 /* BriefingPagerView.swift in Sources */,
				TA01BB01CC01DD01EE01FF01 /* TabAccent.swift in Sources */,
				DB01BB01CC01DD01EE01FF01 /* DinnerBriefing.swift in Sources */,
				BC01BB01CC01DD01EE01FF01 /* BriefingCardView.swift in Sources */,
				HC01BB01CC01DD01EE01FF01 /* HeroCardView.swift in Sources */,
				CH01AA01BB01CC01DD01EE01 /* ChoreCategory.swift in Sources */,
				CH13AA13BB13CC13DD13EE13 /* ChoreCompletion.swift in Sources */,
				CH02AA02BB02CC02DD02EE02 /* ChoresPlan.swift in Sources */,
				CH03AA03BB03CC03DD03EE03 /* ChoresBriefing.swift in Sources */,
				CH04AA04BB04CC04DD04EE04 /* HouseViewModel.swift in Sources */,
				CH05AA05BB05CC05DD05EE05 /* HouseTabView.swift in Sources */,
				CH06AA06BB06CC06DD06EE06 /* HouseHeroView.swift in Sources */,
				CH07AA07BB07CC07DD07EE07 /* HouseChoreListView.swift in Sources */,
				CH08AA08BB08CC08DD08EE08 /* HouseStatsBar.swift in Sources */,
				CH09AA09BB09CC09DD09EE09 /* HouseCategoriesView.swift in Sources */,
				CH10AA10BB10CC10DD10EE10 /* HouseChoreActionSheet.swift in Sources */,
				CH11AA11BB11CC11DD11EE11 /* HouseManageSheet.swift in Sources */,
				CH12AA12BB12CC12DD12EE12 /* HouseChoreTypeFormSheet.swift in Sources */,
				CH14AA14BB14CC14DD14EE14 /* HouseWeekStripView.swift in Sources */,
				CH15AA15BB15CC15DD15EE15 /* HouseDayPlanSheet.swift in Sources */,
				SP01AA01BB01CC01DD01EE01 /* SupplyItem.swift in Sources */,
				SP02AA02BB02CC02DD02EE02 /* SuppliesViewModel.swift in Sources */,
				SP03AA03BB03CC03DD03EE03 /* IngredientReviewSheet.swift in Sources */,
				SP04AA04BB04CC04DD04EE04 /* RunDoneSheet.swift in Sources */,
				SP05AA05BB05CC05DD05EE05 /* SupplyEditSheet.swift in Sources */,
				SP06AA06BB06CC06DD06EE06 /* SuppliesSectionView.swift in Sources */,
				SP07AA07BB07CC07DD07EE07 /* SupplyAddSheet.swift in Sources */,
				SP09AA09BB09CC09DD09EE09 /* SupplyCategoryManageSheet.swift in Sources */,
				SP08AA08BB08CC08DD08EE08 /* SupplyItemFormSheet.swift in Sources */,
			);
			runOnlyForDeploymentPostprocessing = 0;
		};
/* End PBXSourcesBuildPhase section */

/* Begin PBXTargetDependency section */
		BC8D9E0F1A2B3C4D5E6F7A8B /* PBXTargetDependency */ = {
			isa = PBXTargetDependency;
			target = AB7C8D9E0F1A2B3C4D5E6F7A /* ChooShareExtension */;
			targetProxy = CD9E0F1A2B3C4D5E6F7A8B9C /* PBXContainerItemProxy */;
		};
/* End PBXTargetDependency section */

/* Begin XCBuildConfiguration section */
		29957803677E1EEEC563C5E7 /* Debug */ = {
			isa = XCBuildConfiguration;
			buildSettings = {
				ALWAYS_SEARCH_USER_PATHS = NO;
				CLANG_ANALYZER_NONNULL = YES;
				CLANG_ANALYZER_NUMBER_OBJECT_CONVERSION = YES_AGGRESSIVE;
				CLANG_CXX_LANGUAGE_STANDARD = "gnu++14";
				CLANG_CXX_LIBRARY = "libc++";
				CLANG_ENABLE_MODULES = YES;
				CLANG_ENABLE_OBJC_ARC = YES;
				CLANG_ENABLE_OBJC_WEAK = YES;
				CLANG_WARN_BLOCK_CAPTURE_AUTORELEASING = YES;
				CLANG_WARN_BOOL_CONVERSION = YES;
				CLANG_WARN_COMMA = YES;
				CLANG_WARN_CONSTANT_CONVERSION = YES;
				CLANG_WARN_DEPRECATED_OBJC_IMPLEMENTATIONS = YES;
				CLANG_WARN_DIRECT_OBJC_ISA_USAGE = YES_ERROR;
				CLANG_WARN_DOCUMENTATION_COMMENTS = YES;
				CLANG_WARN_EMPTY_BODY = YES;
				CLANG_WARN_ENUM_CONVERSION = YES;
				CLANG_WARN_INFINITE_RECURSION = YES;
				CLANG_WARN_INT_CONVERSION = YES;
				CLANG_WARN_NON_LITERAL_NULL_CONVERSION = YES;
				CLANG_WARN_OBJC_IMPLICIT_RETAIN_SELF = YES;
				CLANG_WARN_OBJC_LITERAL_CONVERSION = YES;
				CLANG_WARN_OBJC_ROOT_CLASS = YES_ERROR;
				CLANG_WARN_QUOTED_INCLUDE_IN_FRAMEWORK_HEADER = YES;
				CLANG_WARN_RANGE_LOOP_ANALYSIS = YES;
				CLANG_WARN_STRICT_PROTOTYPES = YES;
				CLANG_WARN_SUSPICIOUS_MOVE = YES;
				CLANG_WARN_UNGUARDED_AVAILABILITY = YES_AGGRESSIVE;
				CLANG_WARN_UNREACHABLE_CODE = YES;
				CLANG_WARN__DUPLICATE_METHOD_MATCH = YES;
				COPY_PHASE_STRIP = NO;
				CURRENT_PROJECT_VERSION = 1;
				DEBUG_INFORMATION_FORMAT = dwarf;
				DEVELOPMENT_TEAM = V4NUPMNDU4;
				ENABLE_STRICT_OBJC_MSGSEND = YES;
				ENABLE_TESTABILITY = YES;
				ENABLE_USER_SCRIPT_SANDBOXING = YES;
				GCC_C_LANGUAGE_STANDARD = gnu11;
				GCC_DYNAMIC_NO_PIC = NO;
				GCC_NO_COMMON_BLOCKS = YES;
				GCC_OPTIMIZATION_LEVEL = 0;
				GCC_PREPROCESSOR_DEFINITIONS = (
					"$(inherited)",
					"DEBUG=1",
				);
				GCC_WARN_64_TO_32_BIT_CONVERSION = YES;
				GCC_WARN_ABOUT_RETURN_TYPE = YES_ERROR;
				GCC_WARN_UNDECLARED_SELECTOR = YES;
				GCC_WARN_UNINITIALIZED_AUTOS = YES_AGGRESSIVE;
				GCC_WARN_UNUSED_FUNCTION = YES;
				GCC_WARN_UNUSED_VARIABLE = YES;
				IPHONEOS_DEPLOYMENT_TARGET = 17.0;
				MARKETING_VERSION = 1.0.0;
				MTL_ENABLE_DEBUG_INFO = INCLUDE_SOURCE;
				MTL_FAST_MATH = YES;
				ONLY_ACTIVE_ARCH = YES;
				PRODUCT_NAME = "$(TARGET_NAME)";
				SDKROOT = iphoneos;
				STRING_CATALOG_GENERATE_SYMBOLS = YES;
				SWIFT_ACTIVE_COMPILATION_CONDITIONS = DEBUG;
				SWIFT_OPTIMIZATION_LEVEL = "-Onone";
				SWIFT_VERSION = 5.10;
			};
			name = Debug;
		};
		2ECDD4E9004202756A530219 /* Release */ = {
			isa = XCBuildConfiguration;
			buildSettings = {
				ALWAYS_SEARCH_USER_PATHS = NO;
				CLANG_ANALYZER_NONNULL = YES;
				CLANG_ANALYZER_NUMBER_OBJECT_CONVERSION = YES_AGGRESSIVE;
				CLANG_CXX_LANGUAGE_STANDARD = "gnu++14";
				CLANG_CXX_LIBRARY = "libc++";
				CLANG_ENABLE_MODULES = YES;
				CLANG_ENABLE_OBJC_ARC = YES;
				CLANG_ENABLE_OBJC_WEAK = YES;
				CLANG_WARN_BLOCK_CAPTURE_AUTORELEASING = YES;
				CLANG_WARN_BOOL_CONVERSION = YES;
				CLANG_WARN_COMMA = YES;
				CLANG_WARN_CONSTANT_CONVERSION = YES;
				CLANG_WARN_DEPRECATED_OBJC_IMPLEMENTATIONS = YES;
				CLANG_WARN_DIRECT_OBJC_ISA_USAGE = YES_ERROR;
				CLANG_WARN_DOCUMENTATION_COMMENTS = YES;
				CLANG_WARN_EMPTY_BODY = YES;
				CLANG_WARN_ENUM_CONVERSION = YES;
				CLANG_WARN_INFINITE_RECURSION = YES;
				CLANG_WARN_INT_CONVERSION = YES;
				CLANG_WARN_NON_LITERAL_NULL_CONVERSION = YES;
				CLANG_WARN_OBJC_IMPLICIT_RETAIN_SELF = YES;
				CLANG_WARN_OBJC_LITERAL_CONVERSION = YES;
				CLANG_WARN_OBJC_ROOT_CLASS = YES_ERROR;
				CLANG_WARN_QUOTED_INCLUDE_IN_FRAMEWORK_HEADER = YES;
				CLANG_WARN_RANGE_LOOP_ANALYSIS = YES;
				CLANG_WARN_STRICT_PROTOTYPES = YES;
				CLANG_WARN_SUSPICIOUS_MOVE = YES;
				CLANG_WARN_UNGUARDED_AVAILABILITY = YES_AGGRESSIVE;
				CLANG_WARN_UNREACHABLE_CODE = YES;
				CLANG_WARN__DUPLICATE_METHOD_MATCH = YES;
				COPY_PHASE_STRIP = NO;
				CURRENT_PROJECT_VERSION = 1;
				DEBUG_INFORMATION_FORMAT = "dwarf-with-dsym";
				DEVELOPMENT_TEAM = V4NUPMNDU4;
				ENABLE_NS_ASSERTIONS = NO;
				ENABLE_STRICT_OBJC_MSGSEND = YES;
				ENABLE_USER_SCRIPT_SANDBOXING = YES;
				GCC_C_LANGUAGE_STANDARD = gnu11;
				GCC_NO_COMMON_BLOCKS = YES;
				GCC_WARN_64_TO_32_BIT_CONVERSION = YES;
				GCC_WARN_ABOUT_RETURN_TYPE = YES_ERROR;
				GCC_WARN_UNDECLARED_SELECTOR = YES;
				GCC_WARN_UNINITIALIZED_AUTOS = YES_AGGRESSIVE;
				GCC_WARN_UNUSED_FUNCTION = YES;
				GCC_WARN_UNUSED_VARIABLE = YES;
				IPHONEOS_DEPLOYMENT_TARGET = 17.0;
				MARKETING_VERSION = 1.0.0;
				MTL_ENABLE_DEBUG_INFO = NO;
				MTL_FAST_MATH = YES;
				PRODUCT_NAME = "$(TARGET_NAME)";
				SDKROOT = iphoneos;
				STRING_CATALOG_GENERATE_SYMBOLS = YES;
				SWIFT_COMPILATION_MODE = wholemodule;
				SWIFT_OPTIMIZATION_LEVEL = "-O";
				SWIFT_VERSION = 5.10;
			};
			name = Release;
		};
		614B9A2CD450ED9C5A6FE64C /* Debug */ = {
			isa = XCBuildConfiguration;
			buildSettings = {
				ASSETCATALOG_COMPILER_APPICON_NAME = AppIcon;
				CODE_SIGN_ENTITLEMENTS = Choo/Choo.entitlements;
				CODE_SIGN_IDENTITY = "iPhone Developer";
				INFOPLIST_FILE = Choo/Info.plist;
				INFOPLIST_GENERATION_MODE = GeneratedByXcode;
				LD_RUNPATH_SEARCH_PATHS = (
					"$(inherited)",
					"@executable_path/Frameworks",
				);
				PRODUCT_BUNDLE_IDENTIFIER = com.tonywall.wallboard;
				SDKROOT = iphoneos;
				TARGETED_DEVICE_FAMILY = "1,2";
			};
			name = Debug;
		};
		8EC787809112027C02E13ABA /* Release */ = {
			isa = XCBuildConfiguration;
			buildSettings = {
				ASSETCATALOG_COMPILER_APPICON_NAME = AppIcon;
				CODE_SIGN_ENTITLEMENTS = Choo/Choo.entitlements;
				CODE_SIGN_IDENTITY = "iPhone Developer";
				INFOPLIST_FILE = Choo/Info.plist;
				INFOPLIST_GENERATION_MODE = GeneratedByXcode;
				LD_RUNPATH_SEARCH_PATHS = (
					"$(inherited)",
					"@executable_path/Frameworks",
				);
				PRODUCT_BUNDLE_IDENTIFIER = com.tonywall.wallboard;
				SDKROOT = iphoneos;
				TARGETED_DEVICE_FAMILY = "1,2";
			};
			name = Release;
		};
		DE0F1A2B3C4D5E6F7A8B9CDE /* Debug */ = {
			isa = XCBuildConfiguration;
			buildSettings = {
				CODE_SIGN_ENTITLEMENTS = ChooShareExtension/ChooShareExtension.entitlements;
				CODE_SIGN_IDENTITY = "iPhone Developer";
				INFOPLIST_FILE = ChooShareExtension/Info.plist;
				LD_RUNPATH_SEARCH_PATHS = (
					"$(inherited)",
					"@executable_path/Frameworks",
					"@executable_path/../../Frameworks",
				);
				PRODUCT_BUNDLE_IDENTIFIER = com.tonywall.wallboard.share;
				PRODUCT_NAME = "$(TARGET_NAME)";
				SDKROOT = iphoneos;
				SKIP_INSTALL = YES;
				SWIFT_VERSION = 5.10;
				TARGETED_DEVICE_FAMILY = "1,2";
			};
			name = Debug;
		};
		EF1A2B3C4D5E6F7A8B9CDEEF /* Release */ = {
			isa = XCBuildConfiguration;
			buildSettings = {
				CODE_SIGN_ENTITLEMENTS = ChooShareExtension/ChooShareExtension.entitlements;
				CODE_SIGN_IDENTITY = "iPhone Developer";
				INFOPLIST_FILE = ChooShareExtension/Info.plist;
				LD_RUNPATH_SEARCH_PATHS = (
					"$(inherited)",
					"@executable_path/Frameworks",
					"@executable_path/../../Frameworks",
				);
				PRODUCT_BUNDLE_IDENTIFIER = com.tonywall.wallboard.share;
				PRODUCT_NAME = "$(TARGET_NAME)";
				SDKROOT = iphoneos;
				SKIP_INSTALL = YES;
				SWIFT_VERSION = 5.10;
				TARGETED_DEVICE_FAMILY = "1,2";
			};
			name = Release;
		};
/* End XCBuildConfiguration section */

/* Begin XCConfigurationList section */
		61B2FCDC346547A519D05E0D /* Build configuration list for PBXNativeTarget "Choo" */ = {
			isa = XCConfigurationList;
			buildConfigurations = (
				614B9A2CD450ED9C5A6FE64C /* Debug */,
				8EC787809112027C02E13ABA /* Release */,
			);
			defaultConfigurationIsVisible = 0;
			defaultConfigurationName = Debug;
		};
		E95F534B09AEC257FF30080E /* Build configuration list for PBXProject "Choo" */ = {
			isa = XCConfigurationList;
			buildConfigurations = (
				29957803677E1EEEC563C5E7 /* Debug */,
				2ECDD4E9004202756A530219 /* Release */,
			);
			defaultConfigurationIsVisible = 0;
			defaultConfigurationName = Debug;
		};
		FA2B3C4D5E6F7A8B9CDEEFFA /* Build configuration list for PBXNativeTarget "ChooShareExtension" */ = {
			isa = XCConfigurationList;
			buildConfigurations = (
				DE0F1A2B3C4D5E6F7A8B9CDE /* Debug */,
				EF1A2B3C4D5E6F7A8B9CDEEF /* Release */,
			);
			defaultConfigurationIsVisible = 0;
			defaultConfigurationName = Debug;
		};
/* End XCConfigurationList section */

/* Begin XCRemoteSwiftPackageReference section */
		22CC12B5977AAD84131F212B /* XCRemoteSwiftPackageReference "firebase-ios-sdk" */ = {
			isa = XCRemoteSwiftPackageReference;
			repositoryURL = "https://github.com/firebase/firebase-ios-sdk";
			requirement = {
				kind = upToNextMajorVersion;
				minimumVersion = 10.25.0;
			};
		};
/* End XCRemoteSwiftPackageReference section */

/* Begin XCSwiftPackageProductDependency section */
		11692FD02F4584CF00C75371 /* FirebaseMessaging */ = {
			isa = XCSwiftPackageProductDependency;
			package = 22CC12B5977AAD84131F212B /* XCRemoteSwiftPackageReference "firebase-ios-sdk" */;
			productName = FirebaseMessaging;
		};
		3E27374BF9D7C4E5CCA0FF94 /* FirebaseFirestore */ = {
			isa = XCSwiftPackageProductDependency;
			package = 22CC12B5977AAD84131F212B /* XCRemoteSwiftPackageReference "firebase-ios-sdk" */;
			productName = FirebaseFirestore;
		};
		73832FD5F89D92BEC7C179ED /* FirebaseAuth */ = {
			isa = XCSwiftPackageProductDependency;
			package = 22CC12B5977AAD84131F212B /* XCRemoteSwiftPackageReference "firebase-ios-sdk" */;
			productName = FirebaseAuth;
		};
/* End XCSwiftPackageProductDependency section */
	};
	rootObject = C60D8445BFA74FDB99701AB1 /* Project object */;
}
